
Microsoft Visual Studio Solution File, Format Version 12.00
# Visual Studio Version 16
VisualStudioVersion = 16.0.30309.148
MinimumVisualStudioVersion = 10.0.40219.1
Project("{8BC9CEB8-8B4A-11D0-8D11-00A0C91BC942}") = "001. 1부터 N까지 M의 배수합", "001. 1부터 N까지 M의 배수합\001. 1부터 N까지 M의 배수합.vcxproj", "{8EE6C1AB-6407-4CD9-A329-312E1C8E8BCD}"
EndProject
Project("{8BC9CEB8-8B4A-11D0-8D11-00A0C91BC942}") = "002. 자연수의 합", "002. 자연수의 합\002. 자연수의 합.vcxproj", "{418997FD-8FD1-4B89-826F-EBF229CFDCAC}"
EndProject
Project("{8BC9CEB8-8B4A-11D0-8D11-00A0C91BC942}") = "003. 진약수의 합", "003. 진약수의 합\003. 진약수의 합.vcxproj", "{B3FD1727-D500-47AE-9A42-EE64B392D681}"
EndProject
Project("{8BC9CEB8-8B4A-11D0-8D11-00A0C91BC942}") = "004. 나이 차이", "004. 나이 차이\004. 나이 차이.vcxproj", "{BADF961A-8F79-482A-9A6E-EC283F01699F}"
EndProject
Project("{8BC9CEB8-8B4A-11D0-8D11-00A0C91BC942}") = "005. 나이계산", "005. 나이계산\005. 나이계산.vcxproj", "{C5304CF7-C6FC-4B74-8F01-C07436E9FECF}"
EndProject
Project("{8BC9CEB8-8B4A-11D0-8D11-00A0C91BC942}") = "006. 숫자만 추출", "006. 숫자만 추출\006. 숫자만 추출.vcxproj", "{79A8C9CD-040A-43CA-A481-203E7E798CD6}"
EndProject
Project("{8BC9CEB8-8B4A-11D0-8D11-00A0C91BC942}") = "007. 영어단어 복구", "007. 영어단어 복구\007. 영어단어 복구.vcxproj", "{22FFD270-26F3-4E5E-BC0E-B667947B091A}"
EndProject
Project("{8BC9CEB8-8B4A-11D0-8D11-00A0C91BC942}") = "008. 올바른 괄호", "008. 올바른 괄호\008. 올바른 괄호.vcxproj", "{4D9AC96E-0AE4-46A6-83F4-211CF367E294}"
EndProject
Project("{8BC9CEB8-8B4A-11D0-8D11-00A0C91BC942}") = "009. 모두의 약수", "009. 모두의 약수\009. 모두의 약수.vcxproj", "{FE1DE229-F3FB-4125-A323-CEDD93A14018}"
EndProject
Project("{8BC9CEB8-8B4A-11D0-8D11-00A0C91BC942}") = "010. 자릿수의 합", "010. 자릿수의 합\010. 자릿수의 합.vcxproj", "{9C01C6F9-5912-460E-B58F-81C9E607D643}"
EndProject
Project("{8BC9CEB8-8B4A-11D0-8D11-00A0C91BC942}") = "011. 숫자의 총 개수(small)", "011. 숫자의 총 개수(small)\011. 숫자의 총 개수(small).vcxproj", "{CCA2595B-0DED-40D0-B757-B81CF0F80E60}"
EndProject
Project("{8BC9CEB8-8B4A-11D0-8D11-00A0C91BC942}") = "012. 숫자의 총 개수(large)", "012. 숫자의 총 개수(large)\012. 숫자의 총 개수(large).vcxproj", "{E9A3F3FF-45D2-464B-85E1-7074F5532009}"
EndProject
Project("{8BC9CEB8-8B4A-11D0-8D11-00A0C91BC942}") = "013. 가장 많이 사용된 자릿수", "013. 가장 많이 사용된 자릿수\013. 가장 많이 사용된 자릿수.vcxproj", "{C316473D-C3C6-4282-9EE5-38F356B02D2E}"
EndProject
Project("{8BC9CEB8-8B4A-11D0-8D11-00A0C91BC942}") = "014. 뒤집은 소수", "014. 뒤집은 소수\014. 뒤집은 소수.vcxproj", "{B7992634-E9E2-46A4-B30A-BB8ADCACB83A}"
EndProject
Project("{8BC9CEB8-8B4A-11D0-8D11-00A0C91BC942}") = "015. 소수의 개수", "015. 소수의 개수\015. 소수의 개수.vcxproj", "{D1DF2033-7B43-4632-83C3-4FCC7914FE24}"
EndProject
Project("{8BC9CEB8-8B4A-11D0-8D11-00A0C91BC942}") = "016. Anagram(아나그램 구글 인터뷰 문제)", "016. Anagram(아나그램 구글 인터뷰 문제)\016. Anagram(아나그램 구글 인터뷰 문제).vcxproj", "{DB6F54E8-A151-41E4-AFD7-82938DE7A1A5}"
EndProject
Project("{8BC9CEB8-8B4A-11D0-8D11-00A0C91BC942}") = "017. 선생님 퀴즈", "017. 선생님 퀴즈\017. 선생님 퀴즈.vcxproj", "{4FBBF06A-9B41-4BAB-89F7-DE6CD274B9E5}"
EndProject
Project("{8BC9CEB8-8B4A-11D0-8D11-00A0C91BC942}") = "018. 층간소음", "018. 층간소음\018. 층간소음.vcxproj", "{BE56A6CA-9472-4F32-8F11-CD6A310E982B}"
EndProject
Project("{8BC9CEB8-8B4A-11D0-8D11-00A0C91BC942}") = "019. 분노 유발자", "019. 분노 유발자\019. 분노 유발자.vcxproj", "{460592C6-E63B-48BE-B119-F818D74812BA}"
EndProject
Project("{8BC9CEB8-8B4A-11D0-8D11-00A0C91BC942}") = "020. 가위 바위 보", "020. 가위 바위 보\020. 가위 바위 보.vcxproj", "{FD5459FC-0E9D-490F-8CFB-77FF68FFA5BB}"
EndProject
Project("{8BC9CEB8-8B4A-11D0-8D11-00A0C91BC942}") = "021. 카드게임", "021. 카드게임\021. 카드게임.vcxproj", "{67F9DAC2-11D9-4D6E-893A-AAA68CD63089}"
EndProject
Project("{8BC9CEB8-8B4A-11D0-8D11-00A0C91BC942}") = "022. 온도의 최대값", "022. 온도의 최대값\022. 온도의 최대값.vcxproj", "{FFF84A69-459A-477F-B3ED-503FA8B4B10D}"
EndProject
Project("{8BC9CEB8-8B4A-11D0-8D11-00A0C91BC942}") = "023. 연속 부분 증가수열", "023. 연속 부분 증가수열\023. 연속 부분 증가수열.vcxproj", "{7A17DE62-D42E-41E4-9058-6B7EA7422A0B}"
EndProject
Project("{8BC9CEB8-8B4A-11D0-8D11-00A0C91BC942}") = "024. Jolly Jumpers", "024. Jolly Jumpers\024. Jolly Jumpers.vcxproj", "{43CBC87B-81DC-4070-8FD1-D1F36E1A226C}"
EndProject
Project("{8BC9CEB8-8B4A-11D0-8D11-00A0C91BC942}") = "025. 석차 구하기", "025. 석차 구하기\025. 석차 구하기.vcxproj", "{C0EFDA2B-21F1-45BC-ACA2-4EBAC755253E}"
EndProject
Project("{8BC9CEB8-8B4A-11D0-8D11-00A0C91BC942}") = "026. 마라톤", "026. 마라톤\026. 마라톤.vcxproj", "{EF79246C-50F4-488B-AF82-36CE84B608D5}"
EndProject
Project("{8BC9CEB8-8B4A-11D0-8D11-00A0C91BC942}") = "027. N!의 표현법", "027. N!의 표현법\027. N!의 표현법.vcxproj", "{DA692512-D1FB-4EC6-AD0B-18987F38F0A1}"
EndProject
Project("{8BC9CEB8-8B4A-11D0-8D11-00A0C91BC942}") = "028. N!에서 0의 개수", "028. N!에서 0의 개수\028. N!에서 0의 개수.vcxproj", "{B3024DFD-10AE-4F4E-878C-24DA10825741}"
EndProject
Project("{8BC9CEB8-8B4A-11D0-8D11-00A0C91BC942}") = "029. 3의 개수는(small)", "029. 3의 개수는(small)\029. 3의 개수는(small).vcxproj", "{B39404C4-DFA5-4560-B58F-1D0C06763314}"
EndProject
Project("{8BC9CEB8-8B4A-11D0-8D11-00A0C91BC942}") = "030. 3의 개수는(large)", "030. 3의 개수는(large)\030. 3의 개수는(large).vcxproj", "{7C8FD1CD-B8C8-48A5-96FE-B5E2EBA5D87B}"
EndProject
Project("{8BC9CEB8-8B4A-11D0-8D11-00A0C91BC942}") = "031. 탄화수소 질량", "031. 탄화수소 질량\031. 탄화수소 질량.vcxproj", "{BDA6FFC0-ED5E-442D-AE5F-5C28917F8A1D}"
EndProject
Project("{8BC9CEB8-8B4A-11D0-8D11-00A0C91BC942}") = "032. 선택정렬", "032. 선택정렬\032. 선택정렬.vcxproj", "{4E8FA9BD-A771-4304-B43F-FD3B133B5445}"
EndProject
Project("{8BC9CEB8-8B4A-11D0-8D11-00A0C91BC942}") = "033. 3등의 성적은", "033. 3등의 성적은\033. 3등의 성적은.vcxproj", "{A38773B7-AA84-4E96-9A84-FF67B9120BF7}"
EndProject
Project("{8BC9CEB8-8B4A-11D0-8D11-00A0C91BC942}") = "034. 버블정렬", "034. 버블정렬\034. 버블정렬.vcxproj", "{36456B25-7CEC-4295-BE88-517B0185D4D3}"
EndProject
Project("{8BC9CEB8-8B4A-11D0-8D11-00A0C91BC942}") = "035. Special Sort(구글)", "035. Special Sort(구글)\035. Special Sort(구글).vcxproj", "{D311A684-DE70-4D2E-ADA7-ECEEAB1D200B}"
EndProject
Project("{8BC9CEB8-8B4A-11D0-8D11-00A0C91BC942}") = "036. 삽입정렬", "036. 삽입정렬\036. 삽입정렬.vcxproj", "{77572C91-086A-4116-92C9-72EF587DF208}"
EndProject
Project("{8BC9CEB8-8B4A-11D0-8D11-00A0C91BC942}") = "037. Least Recently Used(카카오 캐시 문제 변형)", "037. Least Recently Used(카카오 캐시 문제 변형)\037. Least Recently Used(카카오 캐시 문제 변형).vcxproj", "{77AAEDA1-13E1-4BE0-BA97-4F49C6B267DA}"
EndProject
Project("{8BC9CEB8-8B4A-11D0-8D11-00A0C91BC942}") = "038. Inversion Sequence", "038. Inversion Sequence\038. Inversion Sequence.vcxproj", "{D8EFD072-32C2-4F27-8462-BEA53D751C62}"
EndProject
Global
	GlobalSection(SolutionConfigurationPlatforms) = preSolution
		Debug|x64 = Debug|x64
		Debug|x86 = Debug|x86
		Release|x64 = Release|x64
		Release|x86 = Release|x86
	EndGlobalSection
	GlobalSection(ProjectConfigurationPlatforms) = postSolution
		{8EE6C1AB-6407-4CD9-A329-312E1C8E8BCD}.Debug|x64.ActiveCfg = Debug|x64
		{8EE6C1AB-6407-4CD9-A329-312E1C8E8BCD}.Debug|x64.Build.0 = Debug|x64
		{8EE6C1AB-6407-4CD9-A329-312E1C8E8BCD}.Debug|x86.ActiveCfg = Debug|Win32
		{8EE6C1AB-6407-4CD9-A329-312E1C8E8BCD}.Debug|x86.Build.0 = Debug|Win32
		{8EE6C1AB-6407-4CD9-A329-312E1C8E8BCD}.Release|x64.ActiveCfg = Release|x64
		{8EE6C1AB-6407-4CD9-A329-312E1C8E8BCD}.Release|x64.Build.0 = Release|x64
		{8EE6C1AB-6407-4CD9-A329-312E1C8E8BCD}.Release|x86.ActiveCfg = Release|Win32
		{8EE6C1AB-6407-4CD9-A329-312E1C8E8BCD}.Release|x86.Build.0 = Release|Win32
		{418997FD-8FD1-4B89-826F-EBF229CFDCAC}.Debug|x64.ActiveCfg = Debug|x64
		{418997FD-8FD1-4B89-826F-EBF229CFDCAC}.Debug|x64.Build.0 = Debug|x64
		{418997FD-8FD1-4B89-826F-EBF229CFDCAC}.Debug|x86.ActiveCfg = Debug|Win32
		{418997FD-8FD1-4B89-826F-EBF229CFDCAC}.Debug|x86.Build.0 = Debug|Win32
		{418997FD-8FD1-4B89-826F-EBF229CFDCAC}.Release|x64.ActiveCfg = Release|x64
		{418997FD-8FD1-4B89-826F-EBF229CFDCAC}.Release|x64.Build.0 = Release|x64
		{418997FD-8FD1-4B89-826F-EBF229CFDCAC}.Release|x86.ActiveCfg = Release|Win32
		{418997FD-8FD1-4B89-826F-EBF229CFDCAC}.Release|x86.Build.0 = Release|Win32
		{B3FD1727-D500-47AE-9A42-EE64B392D681}.Debug|x64.ActiveCfg = Debug|x64
		{B3FD1727-D500-47AE-9A42-EE64B392D681}.Debug|x64.Build.0 = Debug|x64
		{B3FD1727-D500-47AE-9A42-EE64B392D681}.Debug|x86.ActiveCfg = Debug|Win32
		{B3FD1727-D500-47AE-9A42-EE64B392D681}.Debug|x86.Build.0 = Debug|Win32
		{B3FD1727-D500-47AE-9A42-EE64B392D681}.Release|x64.ActiveCfg = Release|x64
		{B3FD1727-D500-47AE-9A42-EE64B392D681}.Release|x64.Build.0 = Release|x64
		{B3FD1727-D500-47AE-9A42-EE64B392D681}.Release|x86.ActiveCfg = Release|Win32
		{B3FD1727-D500-47AE-9A42-EE64B392D681}.Release|x86.Build.0 = Release|Win32
		{BADF961A-8F79-482A-9A6E-EC283F01699F}.Debug|x64.ActiveCfg = Debug|x64
		{BADF961A-8F79-482A-9A6E-EC283F01699F}.Debug|x64.Build.0 = Debug|x64
		{BADF961A-8F79-482A-9A6E-EC283F01699F}.Debug|x86.ActiveCfg = Debug|Win32
		{BADF961A-8F79-482A-9A6E-EC283F01699F}.Debug|x86.Build.0 = Debug|Win32
		{BADF961A-8F79-482A-9A6E-EC283F01699F}.Release|x64.ActiveCfg = Release|x64
		{BADF961A-8F79-482A-9A6E-EC283F01699F}.Release|x64.Build.0 = Release|x64
		{BADF961A-8F79-482A-9A6E-EC283F01699F}.Release|x86.ActiveCfg = Release|Win32
		{BADF961A-8F79-482A-9A6E-EC283F01699F}.Release|x86.Build.0 = Release|Win32
		{C5304CF7-C6FC-4B74-8F01-C07436E9FECF}.Debug|x64.ActiveCfg = Debug|x64
		{C5304CF7-C6FC-4B74-8F01-C07436E9FECF}.Debug|x64.Build.0 = Debug|x64
		{C5304CF7-C6FC-4B74-8F01-C07436E9FECF}.Debug|x86.ActiveCfg = Debug|Win32
		{C5304CF7-C6FC-4B74-8F01-C07436E9FECF}.Debug|x86.Build.0 = Debug|Win32
		{C5304CF7-C6FC-4B74-8F01-C07436E9FECF}.Release|x64.ActiveCfg = Release|x64
		{C5304CF7-C6FC-4B74-8F01-C07436E9FECF}.Release|x64.Build.0 = Release|x64
		{C5304CF7-C6FC-4B74-8F01-C07436E9FECF}.Release|x86.ActiveCfg = Release|Win32
		{C5304CF7-C6FC-4B74-8F01-C07436E9FECF}.Release|x86.Build.0 = Release|Win32
		{79A8C9CD-040A-43CA-A481-203E7E798CD6}.Debug|x64.ActiveCfg = Debug|x64
		{79A8C9CD-040A-43CA-A481-203E7E798CD6}.Debug|x64.Build.0 = Debug|x64
		{79A8C9CD-040A-43CA-A481-203E7E798CD6}.Debug|x86.ActiveCfg = Debug|Win32
		{79A8C9CD-040A-43CA-A481-203E7E798CD6}.Debug|x86.Build.0 = Debug|Win32
		{79A8C9CD-040A-43CA-A481-203E7E798CD6}.Release|x64.ActiveCfg = Release|x64
		{79A8C9CD-040A-43CA-A481-203E7E798CD6}.Release|x64.Build.0 = Release|x64
		{79A8C9CD-040A-43CA-A481-203E7E798CD6}.Release|x86.ActiveCfg = Release|Win32
		{79A8C9CD-040A-43CA-A481-203E7E798CD6}.Release|x86.Build.0 = Release|Win32
		{22FFD270-26F3-4E5E-BC0E-B667947B091A}.Debug|x64.ActiveCfg = Debug|x64
		{22FFD270-26F3-4E5E-BC0E-B667947B091A}.Debug|x64.Build.0 = Debug|x64
		{22FFD270-26F3-4E5E-BC0E-B667947B091A}.Debug|x86.ActiveCfg = Debug|Win32
		{22FFD270-26F3-4E5E-BC0E-B667947B091A}.Debug|x86.Build.0 = Debug|Win32
		{22FFD270-26F3-4E5E-BC0E-B667947B091A}.Release|x64.ActiveCfg = Release|x64
		{22FFD270-26F3-4E5E-BC0E-B667947B091A}.Release|x64.Build.0 = Release|x64
		{22FFD270-26F3-4E5E-BC0E-B667947B091A}.Release|x86.ActiveCfg = Release|Win32
		{22FFD270-26F3-4E5E-BC0E-B667947B091A}.Release|x86.Build.0 = Release|Win32
		{4D9AC96E-0AE4-46A6-83F4-211CF367E294}.Debug|x64.ActiveCfg = Debug|x64
		{4D9AC96E-0AE4-46A6-83F4-211CF367E294}.Debug|x64.Build.0 = Debug|x64
		{4D9AC96E-0AE4-46A6-83F4-211CF367E294}.Debug|x86.ActiveCfg = Debug|Win32
		{4D9AC96E-0AE4-46A6-83F4-211CF367E294}.Debug|x86.Build.0 = Debug|Win32
		{4D9AC96E-0AE4-46A6-83F4-211CF367E294}.Release|x64.ActiveCfg = Release|x64
		{4D9AC96E-0AE4-46A6-83F4-211CF367E294}.Release|x64.Build.0 = Release|x64
		{4D9AC96E-0AE4-46A6-83F4-211CF367E294}.Release|x86.ActiveCfg = Release|Win32
		{4D9AC96E-0AE4-46A6-83F4-211CF367E294}.Release|x86.Build.0 = Release|Win32
		{FE1DE229-F3FB-4125-A323-CEDD93A14018}.Debug|x64.ActiveCfg = Debug|x64
		{FE1DE229-F3FB-4125-A323-CEDD93A14018}.Debug|x64.Build.0 = Debug|x64
		{FE1DE229-F3FB-4125-A323-CEDD93A14018}.Debug|x86.ActiveCfg = Debug|Win32
		{FE1DE229-F3FB-4125-A323-CEDD93A14018}.Debug|x86.Build.0 = Debug|Win32
		{FE1DE229-F3FB-4125-A323-CEDD93A14018}.Release|x64.ActiveCfg = Release|x64
		{FE1DE229-F3FB-4125-A323-CEDD93A14018}.Release|x64.Build.0 = Release|x64
		{FE1DE229-F3FB-4125-A323-CEDD93A14018}.Release|x86.ActiveCfg = Release|Win32
		{FE1DE229-F3FB-4125-A323-CEDD93A14018}.Release|x86.Build.0 = Release|Win32
		{9C01C6F9-5912-460E-B58F-81C9E607D643}.Debug|x64.ActiveCfg = Debug|x64
		{9C01C6F9-5912-460E-B58F-81C9E607D643}.Debug|x64.Build.0 = Debug|x64
		{9C01C6F9-5912-460E-B58F-81C9E607D643}.Debug|x86.ActiveCfg = Debug|Win32
		{9C01C6F9-5912-460E-B58F-81C9E607D643}.Debug|x86.Build.0 = Debug|Win32
		{9C01C6F9-5912-460E-B58F-81C9E607D643}.Release|x64.ActiveCfg = Release|x64
		{9C01C6F9-5912-460E-B58F-81C9E607D643}.Release|x64.Build.0 = Release|x64
		{9C01C6F9-5912-460E-B58F-81C9E607D643}.Release|x86.ActiveCfg = Release|Win32
		{9C01C6F9-5912-460E-B58F-81C9E607D643}.Release|x86.Build.0 = Release|Win32
		{CCA2595B-0DED-40D0-B757-B81CF0F80E60}.Debug|x64.ActiveCfg = Debug|x64
		{CCA2595B-0DED-40D0-B757-B81CF0F80E60}.Debug|x64.Build.0 = Debug|x64
		{CCA2595B-0DED-40D0-B757-B81CF0F80E60}.Debug|x86.ActiveCfg = Debug|Win32
		{CCA2595B-0DED-40D0-B757-B81CF0F80E60}.Debug|x86.Build.0 = Debug|Win32
		{CCA2595B-0DED-40D0-B757-B81CF0F80E60}.Release|x64.ActiveCfg = Release|x64
		{CCA2595B-0DED-40D0-B757-B81CF0F80E60}.Release|x64.Build.0 = Release|x64
		{CCA2595B-0DED-40D0-B757-B81CF0F80E60}.Release|x86.ActiveCfg = Release|Win32
		{CCA2595B-0DED-40D0-B757-B81CF0F80E60}.Release|x86.Build.0 = Release|Win32
		{E9A3F3FF-45D2-464B-85E1-7074F5532009}.Debug|x64.ActiveCfg = Debug|x64
		{E9A3F3FF-45D2-464B-85E1-7074F5532009}.Debug|x64.Build.0 = Debug|x64
		{E9A3F3FF-45D2-464B-85E1-7074F5532009}.Debug|x86.ActiveCfg = Debug|Win32
		{E9A3F3FF-45D2-464B-85E1-7074F5532009}.Debug|x86.Build.0 = Debug|Win32
		{E9A3F3FF-45D2-464B-85E1-7074F5532009}.Release|x64.ActiveCfg = Release|x64
		{E9A3F3FF-45D2-464B-85E1-7074F5532009}.Release|x64.Build.0 = Release|x64
		{E9A3F3FF-45D2-464B-85E1-7074F5532009}.Release|x86.ActiveCfg = Release|Win32
		{E9A3F3FF-45D2-464B-85E1-7074F5532009}.Release|x86.Build.0 = Release|Win32
		{C316473D-C3C6-4282-9EE5-38F356B02D2E}.Debug|x64.ActiveCfg = Debug|x64
		{C316473D-C3C6-4282-9EE5-38F356B02D2E}.Debug|x64.Build.0 = Debug|x64
		{C316473D-C3C6-4282-9EE5-38F356B02D2E}.Debug|x86.ActiveCfg = Debug|Win32
		{C316473D-C3C6-4282-9EE5-38F356B02D2E}.Debug|x86.Build.0 = Debug|Win32
		{C316473D-C3C6-4282-9EE5-38F356B02D2E}.Release|x64.ActiveCfg = Release|x64
		{C316473D-C3C6-4282-9EE5-38F356B02D2E}.Release|x64.Build.0 = Release|x64
		{C316473D-C3C6-4282-9EE5-38F356B02D2E}.Release|x86.ActiveCfg = Release|Win32
		{C316473D-C3C6-4282-9EE5-38F356B02D2E}.Release|x86.Build.0 = Release|Win32
		{B7992634-E9E2-46A4-B30A-BB8ADCACB83A}.Debug|x64.ActiveCfg = Debug|x64
		{B7992634-E9E2-46A4-B30A-BB8ADCACB83A}.Debug|x64.Build.0 = Debug|x64
		{B7992634-E9E2-46A4-B30A-BB8ADCACB83A}.Debug|x86.ActiveCfg = Debug|Win32
		{B7992634-E9E2-46A4-B30A-BB8ADCACB83A}.Debug|x86.Build.0 = Debug|Win32
		{B7992634-E9E2-46A4-B30A-BB8ADCACB83A}.Release|x64.ActiveCfg = Release|x64
		{B7992634-E9E2-46A4-B30A-BB8ADCACB83A}.Release|x64.Build.0 = Release|x64
		{B7992634-E9E2-46A4-B30A-BB8ADCACB83A}.Release|x86.ActiveCfg = Release|Win32
		{B7992634-E9E2-46A4-B30A-BB8ADCACB83A}.Release|x86.Build.0 = Release|Win32
		{D1DF2033-7B43-4632-83C3-4FCC7914FE24}.Debug|x64.ActiveCfg = Debug|x64
		{D1DF2033-7B43-4632-83C3-4FCC7914FE24}.Debug|x64.Build.0 = Debug|x64
		{D1DF2033-7B43-4632-83C3-4FCC7914FE24}.Debug|x86.ActiveCfg = Debug|Win32
		{D1DF2033-7B43-4632-83C3-4FCC7914FE24}.Debug|x86.Build.0 = Debug|Win32
		{D1DF2033-7B43-4632-83C3-4FCC7914FE24}.Release|x64.ActiveCfg = Release|x64
		{D1DF2033-7B43-4632-83C3-4FCC7914FE24}.Release|x64.Build.0 = Release|x64
		{D1DF2033-7B43-4632-83C3-4FCC7914FE24}.Release|x86.ActiveCfg = Release|Win32
		{D1DF2033-7B43-4632-83C3-4FCC7914FE24}.Release|x86.Build.0 = Release|Win32
		{DB6F54E8-A151-41E4-AFD7-82938DE7A1A5}.Debug|x64.ActiveCfg = Debug|x64
		{DB6F54E8-A151-41E4-AFD7-82938DE7A1A5}.Debug|x64.Build.0 = Debug|x64
		{DB6F54E8-A151-41E4-AFD7-82938DE7A1A5}.Debug|x86.ActiveCfg = Debug|Win32
		{DB6F54E8-A151-41E4-AFD7-82938DE7A1A5}.Debug|x86.Build.0 = Debug|Win32
		{DB6F54E8-A151-41E4-AFD7-82938DE7A1A5}.Release|x64.ActiveCfg = Release|x64
		{DB6F54E8-A151-41E4-AFD7-82938DE7A1A5}.Release|x64.Build.0 = Release|x64
		{DB6F54E8-A151-41E4-AFD7-82938DE7A1A5}.Release|x86.ActiveCfg = Release|Win32
		{DB6F54E8-A151-41E4-AFD7-82938DE7A1A5}.Release|x86.Build.0 = Release|Win32
		{4FBBF06A-9B41-4BAB-89F7-DE6CD274B9E5}.Debug|x64.ActiveCfg = Debug|x64
		{4FBBF06A-9B41-4BAB-89F7-DE6CD274B9E5}.Debug|x64.Build.0 = Debug|x64
		{4FBBF06A-9B41-4BAB-89F7-DE6CD274B9E5}.Debug|x86.ActiveCfg = Debug|Win32
		{4FBBF06A-9B41-4BAB-89F7-DE6CD274B9E5}.Debug|x86.Build.0 = Debug|Win32
		{4FBBF06A-9B41-4BAB-89F7-DE6CD274B9E5}.Release|x64.ActiveCfg = Release|x64
		{4FBBF06A-9B41-4BAB-89F7-DE6CD274B9E5}.Release|x64.Build.0 = Release|x64
		{4FBBF06A-9B41-4BAB-89F7-DE6CD274B9E5}.Release|x86.ActiveCfg = Release|Win32
		{4FBBF06A-9B41-4BAB-89F7-DE6CD274B9E5}.Release|x86.Build.0 = Release|Win32
		{BE56A6CA-9472-4F32-8F11-CD6A310E982B}.Debug|x64.ActiveCfg = Debug|x64
		{BE56A6CA-9472-4F32-8F11-CD6A310E982B}.Debug|x64.Build.0 = Debug|x64
		{BE56A6CA-9472-4F32-8F11-CD6A310E982B}.Debug|x86.ActiveCfg = Debug|Win32
		{BE56A6CA-9472-4F32-8F11-CD6A310E982B}.Debug|x86.Build.0 = Debug|Win32
		{BE56A6CA-9472-4F32-8F11-CD6A310E982B}.Release|x64.ActiveCfg = Release|x64
		{BE56A6CA-9472-4F32-8F11-CD6A310E982B}.Release|x64.Build.0 = Release|x64
		{BE56A6CA-9472-4F32-8F11-CD6A310E982B}.Release|x86.ActiveCfg = Release|Win32
		{BE56A6CA-9472-4F32-8F11-CD6A310E982B}.Release|x86.Build.0 = Release|Win32
		{460592C6-E63B-48BE-B119-F818D74812BA}.Debug|x64.ActiveCfg = Debug|x64
		{460592C6-E63B-48BE-B119-F818D74812BA}.Debug|x64.Build.0 = Debug|x64
		{460592C6-E63B-48BE-B119-F818D74812BA}.Debug|x86.ActiveCfg = Debug|Win32
		{460592C6-E63B-48BE-B119-F818D74812BA}.Debug|x86.Build.0 = Debug|Win32
		{460592C6-E63B-48BE-B119-F818D74812BA}.Release|x64.ActiveCfg = Release|x64
		{460592C6-E63B-48BE-B119-F818D74812BA}.Release|x64.Build.0 = Release|x64
		{460592C6-E63B-48BE-B119-F818D74812BA}.Release|x86.ActiveCfg = Release|Win32
		{460592C6-E63B-48BE-B119-F818D74812BA}.Release|x86.Build.0 = Release|Win32
		{FD5459FC-0E9D-490F-8CFB-77FF68FFA5BB}.Debug|x64.ActiveCfg = Debug|x64
		{FD5459FC-0E9D-490F-8CFB-77FF68FFA5BB}.Debug|x64.Build.0 = Debug|x64
		{FD5459FC-0E9D-490F-8CFB-77FF68FFA5BB}.Debug|x86.ActiveCfg = Debug|Win32
		{FD5459FC-0E9D-490F-8CFB-77FF68FFA5BB}.Debug|x86.Build.0 = Debug|Win32
		{FD5459FC-0E9D-490F-8CFB-77FF68FFA5BB}.Release|x64.ActiveCfg = Release|x64
		{FD5459FC-0E9D-490F-8CFB-77FF68FFA5BB}.Release|x64.Build.0 = Release|x64
		{FD5459FC-0E9D-490F-8CFB-77FF68FFA5BB}.Release|x86.ActiveCfg = Release|Win32
		{FD5459FC-0E9D-490F-8CFB-77FF68FFA5BB}.Release|x86.Build.0 = Release|Win32
		{67F9DAC2-11D9-4D6E-893A-AAA68CD63089}.Debug|x64.ActiveCfg = Debug|x64
		{67F9DAC2-11D9-4D6E-893A-AAA68CD63089}.Debug|x64.Build.0 = Debug|x64
		{67F9DAC2-11D9-4D6E-893A-AAA68CD63089}.Debug|x86.ActiveCfg = Debug|Win32
		{67F9DAC2-11D9-4D6E-893A-AAA68CD63089}.Debug|x86.Build.0 = Debug|Win32
		{67F9DAC2-11D9-4D6E-893A-AAA68CD63089}.Release|x64.ActiveCfg = Release|x64
		{67F9DAC2-11D9-4D6E-893A-AAA68CD63089}.Release|x64.Build.0 = Release|x64
		{67F9DAC2-11D9-4D6E-893A-AAA68CD63089}.Release|x86.ActiveCfg = Release|Win32
		{67F9DAC2-11D9-4D6E-893A-AAA68CD63089}.Release|x86.Build.0 = Release|Win32
		{FFF84A69-459A-477F-B3ED-503FA8B4B10D}.Debug|x64.ActiveCfg = Debug|x64
		{FFF84A69-459A-477F-B3ED-503FA8B4B10D}.Debug|x64.Build.0 = Debug|x64
		{FFF84A69-459A-477F-B3ED-503FA8B4B10D}.Debug|x86.ActiveCfg = Debug|Win32
		{FFF84A69-459A-477F-B3ED-503FA8B4B10D}.Debug|x86.Build.0 = Debug|Win32
		{FFF84A69-459A-477F-B3ED-503FA8B4B10D}.Release|x64.ActiveCfg = Release|x64
		{FFF84A69-459A-477F-B3ED-503FA8B4B10D}.Release|x64.Build.0 = Release|x64
		{FFF84A69-459A-477F-B3ED-503FA8B4B10D}.Release|x86.ActiveCfg = Release|Win32
		{FFF84A69-459A-477F-B3ED-503FA8B4B10D}.Release|x86.Build.0 = Release|Win32
		{7A17DE62-D42E-41E4-9058-6B7EA7422A0B}.Debug|x64.ActiveCfg = Debug|x64
		{7A17DE62-D42E-41E4-9058-6B7EA7422A0B}.Debug|x64.Build.0 = Debug|x64
		{7A17DE62-D42E-41E4-9058-6B7EA7422A0B}.Debug|x86.ActiveCfg = Debug|Win32
		{7A17DE62-D42E-41E4-9058-6B7EA7422A0B}.Debug|x86.Build.0 = Debug|Win32
		{7A17DE62-D42E-41E4-9058-6B7EA7422A0B}.Release|x64.ActiveCfg = Release|x64
		{7A17DE62-D42E-41E4-9058-6B7EA7422A0B}.Release|x64.Build.0 = Release|x64
		{7A17DE62-D42E-41E4-9058-6B7EA7422A0B}.Release|x86.ActiveCfg = Release|Win32
		{7A17DE62-D42E-41E4-9058-6B7EA7422A0B}.Release|x86.Build.0 = Release|Win32
		{43CBC87B-81DC-4070-8FD1-D1F36E1A226C}.Debug|x64.ActiveCfg = Debug|x64
		{43CBC87B-81DC-4070-8FD1-D1F36E1A226C}.Debug|x64.Build.0 = Debug|x64
		{43CBC87B-81DC-4070-8FD1-D1F36E1A226C}.Debug|x86.ActiveCfg = Debug|Win32
		{43CBC87B-81DC-4070-8FD1-D1F36E1A226C}.Debug|x86.Build.0 = Debug|Win32
		{43CBC87B-81DC-4070-8FD1-D1F36E1A226C}.Release|x64.ActiveCfg = Release|x64
		{43CBC87B-81DC-4070-8FD1-D1F36E1A226C}.Release|x64.Build.0 = Release|x64
		{43CBC87B-81DC-4070-8FD1-D1F36E1A226C}.Release|x86.ActiveCfg = Release|Win32
		{43CBC87B-81DC-4070-8FD1-D1F36E1A226C}.Release|x86.Build.0 = Release|Win32
		{C0EFDA2B-21F1-45BC-ACA2-4EBAC755253E}.Debug|x64.ActiveCfg = Debug|x64
		{C0EFDA2B-21F1-45BC-ACA2-4EBAC755253E}.Debug|x64.Build.0 = Debug|x64
		{C0EFDA2B-21F1-45BC-ACA2-4EBAC755253E}.Debug|x86.ActiveCfg = Debug|Win32
		{C0EFDA2B-21F1-45BC-ACA2-4EBAC755253E}.Debug|x86.Build.0 = Debug|Win32
		{C0EFDA2B-21F1-45BC-ACA2-4EBAC755253E}.Release|x64.ActiveCfg = Release|x64
		{C0EFDA2B-21F1-45BC-ACA2-4EBAC755253E}.Release|x64.Build.0 = Release|x64
		{C0EFDA2B-21F1-45BC-ACA2-4EBAC755253E}.Release|x86.ActiveCfg = Release|Win32
		{C0EFDA2B-21F1-45BC-ACA2-4EBAC755253E}.Release|x86.Build.0 = Release|Win32
		{EF79246C-50F4-488B-AF82-36CE84B608D5}.Debug|x64.ActiveCfg = Debug|x64
		{EF79246C-50F4-488B-AF82-36CE84B608D5}.Debug|x64.Build.0 = Debug|x64
		{EF79246C-50F4-488B-AF82-36CE84B608D5}.Debug|x86.ActiveCfg = Debug|Win32
		{EF79246C-50F4-488B-AF82-36CE84B608D5}.Debug|x86.Build.0 = Debug|Win32
		{EF79246C-50F4-488B-AF82-36CE84B608D5}.Release|x64.ActiveCfg = Release|x64
		{EF79246C-50F4-488B-AF82-36CE84B608D5}.Release|x64.Build.0 = Release|x64
		{EF79246C-50F4-488B-AF82-36CE84B608D5}.Release|x86.ActiveCfg = Release|Win32
		{EF79246C-50F4-488B-AF82-36CE84B608D5}.Release|x86.Build.0 = Release|Win32
		{DA692512-D1FB-4EC6-AD0B-18987F38F0A1}.Debug|x64.ActiveCfg = Debug|x64
		{DA692512-D1FB-4EC6-AD0B-18987F38F0A1}.Debug|x64.Build.0 = Debug|x64
		{DA692512-D1FB-4EC6-AD0B-18987F38F0A1}.Debug|x86.ActiveCfg = Debug|Win32
		{DA692512-D1FB-4EC6-AD0B-18987F38F0A1}.Debug|x86.Build.0 = Debug|Win32
		{DA692512-D1FB-4EC6-AD0B-18987F38F0A1}.Release|x64.ActiveCfg = Release|x64
		{DA692512-D1FB-4EC6-AD0B-18987F38F0A1}.Release|x64.Build.0 = Release|x64
		{DA692512-D1FB-4EC6-AD0B-18987F38F0A1}.Release|x86.ActiveCfg = Release|Win32
		{DA692512-D1FB-4EC6-AD0B-18987F38F0A1}.Release|x86.Build.0 = Release|Win32
		{B3024DFD-10AE-4F4E-878C-24DA10825741}.Debug|x64.ActiveCfg = Debug|x64
		{B3024DFD-10AE-4F4E-878C-24DA10825741}.Debug|x64.Build.0 = Debug|x64
		{B3024DFD-10AE-4F4E-878C-24DA10825741}.Debug|x86.ActiveCfg = Debug|Win32
		{B3024DFD-10AE-4F4E-878C-24DA10825741}.Debug|x86.Build.0 = Debug|Win32
		{B3024DFD-10AE-4F4E-878C-24DA10825741}.Release|x64.ActiveCfg = Release|x64
		{B3024DFD-10AE-4F4E-878C-24DA10825741}.Release|x64.Build.0 = Release|x64
		{B3024DFD-10AE-4F4E-878C-24DA10825741}.Release|x86.ActiveCfg = Release|Win32
		{B3024DFD-10AE-4F4E-878C-24DA10825741}.Release|x86.Build.0 = Release|Win32
		{B39404C4-DFA5-4560-B58F-1D0C06763314}.Debug|x64.ActiveCfg = Debug|x64
		{B39404C4-DFA5-4560-B58F-1D0C06763314}.Debug|x64.Build.0 = Debug|x64
		{B39404C4-DFA5-4560-B58F-1D0C06763314}.Debug|x86.ActiveCfg = Debug|Win32
		{B39404C4-DFA5-4560-B58F-1D0C06763314}.Debug|x86.Build.0 = Debug|Win32
		{B39404C4-DFA5-4560-B58F-1D0C06763314}.Release|x64.ActiveCfg = Release|x64
		{B39404C4-DFA5-4560-B58F-1D0C06763314}.Release|x64.Build.0 = Release|x64
		{B39404C4-DFA5-4560-B58F-1D0C06763314}.Release|x86.ActiveCfg = Release|Win32
		{B39404C4-DFA5-4560-B58F-1D0C06763314}.Release|x86.Build.0 = Release|Win32
		{7C8FD1CD-B8C8-48A5-96FE-B5E2EBA5D87B}.Debug|x64.ActiveCfg = Debug|x64
		{7C8FD1CD-B8C8-48A5-96FE-B5E2EBA5D87B}.Debug|x64.Build.0 = Debug|x64
		{7C8FD1CD-B8C8-48A5-96FE-B5E2EBA5D87B}.Debug|x86.ActiveCfg = Debug|Win32
		{7C8FD1CD-B8C8-48A5-96FE-B5E2EBA5D87B}.Debug|x86.Build.0 = Debug|Win32
		{7C8FD1CD-B8C8-48A5-96FE-B5E2EBA5D87B}.Release|x64.ActiveCfg = Release|x64
		{7C8FD1CD-B8C8-48A5-96FE-B5E2EBA5D87B}.Release|x64.Build.0 = Release|x64
		{7C8FD1CD-B8C8-48A5-96FE-B5E2EBA5D87B}.Release|x86.ActiveCfg = Release|Win32
		{7C8FD1CD-B8C8-48A5-96FE-B5E2EBA5D87B}.Release|x86.Build.0 = Release|Win32
		{BDA6FFC0-ED5E-442D-AE5F-5C28917F8A1D}.Debug|x64.ActiveCfg = Debug|x64
		{BDA6FFC0-ED5E-442D-AE5F-5C28917F8A1D}.Debug|x64.Build.0 = Debug|x64
		{BDA6FFC0-ED5E-442D-AE5F-5C28917F8A1D}.Debug|x86.ActiveCfg = Debug|Win32
		{BDA6FFC0-ED5E-442D-AE5F-5C28917F8A1D}.Debug|x86.Build.0 = Debug|Win32
		{BDA6FFC0-ED5E-442D-AE5F-5C28917F8A1D}.Release|x64.ActiveCfg = Release|x64
		{BDA6FFC0-ED5E-442D-AE5F-5C28917F8A1D}.Release|x64.Build.0 = Release|x64
		{BDA6FFC0-ED5E-442D-AE5F-5C28917F8A1D}.Release|x86.ActiveCfg = Release|Win32
		{BDA6FFC0-ED5E-442D-AE5F-5C28917F8A1D}.Release|x86.Build.0 = Release|Win32
		{4E8FA9BD-A771-4304-B43F-FD3B133B5445}.Debug|x64.ActiveCfg = Debug|x64
		{4E8FA9BD-A771-4304-B43F-FD3B133B5445}.Debug|x64.Build.0 = Debug|x64
		{4E8FA9BD-A771-4304-B43F-FD3B133B5445}.Debug|x86.ActiveCfg = Debug|Win32
		{4E8FA9BD-A771-4304-B43F-FD3B133B5445}.Debug|x86.Build.0 = Debug|Win32
		{4E8FA9BD-A771-4304-B43F-FD3B133B5445}.Release|x64.ActiveCfg = Release|x64
		{4E8FA9BD-A771-4304-B43F-FD3B133B5445}.Release|x64.Build.0 = Release|x64
		{4E8FA9BD-A771-4304-B43F-FD3B133B5445}.Release|x86.ActiveCfg = Release|Win32
		{4E8FA9BD-A771-4304-B43F-FD3B133B5445}.Release|x86.Build.0 = Release|Win32
		{A38773B7-AA84-4E96-9A84-FF67B9120BF7}.Debug|x64.ActiveCfg = Debug|x64
		{A38773B7-AA84-4E96-9A84-FF67B9120BF7}.Debug|x64.Build.0 = Debug|x64
		{A38773B7-AA84-4E96-9A84-FF67B9120BF7}.Debug|x86.ActiveCfg = Debug|Win32
		{A38773B7-AA84-4E96-9A84-FF67B9120BF7}.Debug|x86.Build.0 = Debug|Win32
		{A38773B7-AA84-4E96-9A84-FF67B9120BF7}.Release|x64.ActiveCfg = Release|x64
		{A38773B7-AA84-4E96-9A84-FF67B9120BF7}.Release|x64.Build.0 = Release|x64
		{A38773B7-AA84-4E96-9A84-FF67B9120BF7}.Release|x86.ActiveCfg = Release|Win32
		{A38773B7-AA84-4E96-9A84-FF67B9120BF7}.Release|x86.Build.0 = Release|Win32
		{36456B25-7CEC-4295-BE88-517B0185D4D3}.Debug|x64.ActiveCfg = Debug|x64
		{36456B25-7CEC-4295-BE88-517B0185D4D3}.Debug|x64.Build.0 = Debug|x64
		{36456B25-7CEC-4295-BE88-517B0185D4D3}.Debug|x86.ActiveCfg = Debug|Win32
		{36456B25-7CEC-4295-BE88-517B0185D4D3}.Debug|x86.Build.0 = Debug|Win32
		{36456B25-7CEC-4295-BE88-517B0185D4D3}.Release|x64.ActiveCfg = Release|x64
		{36456B25-7CEC-4295-BE88-517B0185D4D3}.Release|x64.Build.0 = Release|x64
		{36456B25-7CEC-4295-BE88-517B0185D4D3}.Release|x86.ActiveCfg = Release|Win32
		{36456B25-7CEC-4295-BE88-517B0185D4D3}.Release|x86.Build.0 = Release|Win32
		{D311A684-DE70-4D2E-ADA7-ECEEAB1D200B}.Debug|x64.ActiveCfg = Debug|x64
		{D311A684-DE70-4D2E-ADA7-ECEEAB1D200B}.Debug|x64.Build.0 = Debug|x64
		{D311A684-DE70-4D2E-ADA7-ECEEAB1D200B}.Debug|x86.ActiveCfg = Debug|Win32
		{D311A684-DE70-4D2E-ADA7-ECEEAB1D200B}.Debug|x86.Build.0 = Debug|Win32
		{D311A684-DE70-4D2E-ADA7-ECEEAB1D200B}.Release|x64.ActiveCfg = Release|x64
		{D311A684-DE70-4D2E-ADA7-ECEEAB1D200B}.Release|x64.Build.0 = Release|x64
		{D311A684-DE70-4D2E-ADA7-ECEEAB1D200B}.Release|x86.ActiveCfg = Release|Win32
		{D311A684-DE70-4D2E-ADA7-ECEEAB1D200B}.Release|x86.Build.0 = Release|Win32
		{77572C91-086A-4116-92C9-72EF587DF208}.Debug|x64.ActiveCfg = Debug|x64
		{77572C91-086A-4116-92C9-72EF587DF208}.Debug|x64.Build.0 = Debug|x64
		{77572C91-086A-4116-92C9-72EF587DF208}.Debug|x86.ActiveCfg = Debug|Win32
		{77572C91-086A-4116-92C9-72EF587DF208}.Debug|x86.Build.0 = Debug|Win32
		{77572C91-086A-4116-92C9-72EF587DF208}.Release|x64.ActiveCfg = Release|x64
		{77572C91-086A-4116-92C9-72EF587DF208}.Release|x64.Build.0 = Release|x64
		{77572C91-086A-4116-92C9-72EF587DF208}.Release|x86.ActiveCfg = Release|Win32
		{77572C91-086A-4116-92C9-72EF587DF208}.Release|x86.Build.0 = Release|Win32
		{77AAEDA1-13E1-4BE0-BA97-4F49C6B267DA}.Debug|x64.ActiveCfg = Debug|x64
		{77AAEDA1-13E1-4BE0-BA97-4F49C6B267DA}.Debug|x64.Build.0 = Debug|x64
		{77AAEDA1-13E1-4BE0-BA97-4F49C6B267DA}.Debug|x86.ActiveCfg = Debug|Win32
		{77AAEDA1-13E1-4BE0-BA97-4F49C6B267DA}.Debug|x86.Build.0 = Debug|Win32
		{77AAEDA1-13E1-4BE0-BA97-4F49C6B267DA}.Release|x64.ActiveCfg = Release|x64
		{77AAEDA1-13E1-4BE0-BA97-4F49C6B267DA}.Release|x64.Build.0 = Release|x64
		{77AAEDA1-13E1-4BE0-BA97-4F49C6B267DA}.Release|x86.ActiveCfg = Release|Win32
		{77AAEDA1-13E1-4BE0-BA97-4F49C6B267DA}.Release|x86.Build.0 = Release|Win32
		{D8EFD072-32C2-4F27-8462-BEA53D751C62}.Debug|x64.ActiveCfg = Debug|x64
		{D8EFD072-32C2-4F27-8462-BEA53D751C62}.Debug|x64.Build.0 = Debug|x64
		{D8EFD072-32C2-4F27-8462-BEA53D751C62}.Debug|x86.ActiveCfg = Debug|Win32
		{D8EFD072-32C2-4F27-8462-BEA53D751C62}.Debug|x86.Build.0 = Debug|Win32
		{D8EFD072-32C2-4F27-8462-BEA53D751C62}.Release|x64.ActiveCfg = Release|x64
		{D8EFD072-32C2-4F27-8462-BEA53D751C62}.Release|x64.Build.0 = Release|x64
		{D8EFD072-32C2-4F27-8462-BEA53D751C62}.Release|x86.ActiveCfg = Release|Win32
		{D8EFD072-32C2-4F27-8462-BEA53D751C62}.Release|x86.Build.0 = Release|Win32
	EndGlobalSection
	GlobalSection(SolutionProperties) = preSolution
		HideSolutionNode = FALSE
	EndGlobalSection
	GlobalSection(ExtensibilityGlobals) = postSolution
		SolutionGuid = {EAB123CF-E8EE-4FBF-850E-9206B4C84EC5}
	EndGlobalSection
EndGlobal
