
Microsoft Visual Studio Solution File, Format Version 12.00
# Visual Studio Version 16
VisualStudioVersion = 16.0.30309.148
MinimumVisualStudioVersion = 10.0.40219.1
Project("{8BC9CEB8-8B4A-11D0-8D11-00A0C91BC942}") = "001. 1부터 N까지 M의 배수합", "001. 1부터 N까지 M의 배수합\001. 1부터 N까지 M의 배수합.vcxproj", "{8EE6C1AB-6407-4CD9-A329-312E1C8E8BCD}"
EndProject
Project("{8BC9CEB8-8B4A-11D0-8D11-00A0C91BC942}") = "002. 자연수의 합", "002. 자연수의 합\002. 자연수의 합.vcxproj", "{418997FD-8FD1-4B89-826F-EBF229CFDCAC}"
EndProject
Project("{8BC9CEB8-8B4A-11D0-8D11-00A0C91BC942}") = "003. 진약수의 합", "003. 진약수의 합\003. 진약수의 합.vcxproj", "{B3FD1727-D500-47AE-9A42-EE64B392D681}"
EndProject
Project("{8BC9CEB8-8B4A-11D0-8D11-00A0C91BC942}") = "004. 나이 차이", "004. 나이 차이\004. 나이 차이.vcxproj", "{BADF961A-8F79-482A-9A6E-EC283F01699F}"
EndProject
Project("{8BC9CEB8-8B4A-11D0-8D11-00A0C91BC942}") = "005. 나이계산", "005. 나이계산\005. 나이계산.vcxproj", "{C5304CF7-C6FC-4B74-8F01-C07436E9FECF}"
EndProject
Project("{8BC9CEB8-8B4A-11D0-8D11-00A0C91BC942}") = "006. 숫자만 추출", "006. 숫자만 추출\006. 숫자만 추출.vcxproj", "{79A8C9CD-040A-43CA-A481-203E7E798CD6}"
EndProject
Project("{8BC9CEB8-8B4A-11D0-8D11-00A0C91BC942}") = "007. 영어단어 복구", "007. 영어단어 복구\007. 영어단어 복구.vcxproj", "{22FFD270-26F3-4E5E-BC0E-B667947B091A}"
EndProject
Project("{8BC9CEB8-8B4A-11D0-8D11-00A0C91BC942}") = "008. 올바른 괄호", "008. 올바른 괄호\008. 올바른 괄호.vcxproj", "{4D9AC96E-0AE4-46A6-83F4-211CF367E294}"
EndProject
Project("{8BC9CEB8-8B4A-11D0-8D11-00A0C91BC942}") = "009. 모두의 약수", "009. 모두의 약수\009. 모두의 약수.vcxproj", "{FE1DE229-F3FB-4125-A323-CEDD93A14018}"
EndProject
Project("{8BC9CEB8-8B4A-11D0-8D11-00A0C91BC942}") = "010. 자릿수의 합", "010. 자릿수의 합\010. 자릿수의 합.vcxproj", "{9C01C6F9-5912-460E-B58F-81C9E607D643}"
EndProject
Project("{8BC9CEB8-8B4A-11D0-8D11-00A0C91BC942}") = "011. 숫자의 총 개수(small)", "011. 숫자의 총 개수(small)\011. 숫자의 총 개수(small).vcxproj", "{CCA2595B-0DED-40D0-B757-B81CF0F80E60}"
EndProject
Project("{8BC9CEB8-8B4A-11D0-8D11-00A0C91BC942}") = "012. 숫자의 총 개수(large)", "012. 숫자의 총 개수(large)\012. 숫자의 총 개수(large).vcxproj", "{E9A3F3FF-45D2-464B-85E1-7074F5532009}"
EndProject
Project("{8BC9CEB8-8B4A-11D0-8D11-00A0C91BC942}") = "013. 가장 많이 사용된 자릿수", "013. 가장 많이 사용된 자릿수\013. 가장 많이 사용된 자릿수.vcxproj", "{C316473D-C3C6-4282-9EE5-38F356B02D2E}"
EndProject
Project("{8BC9CEB8-8B4A-11D0-8D11-00A0C91BC942}") = "014. 뒤집은 소수", "014. 뒤집은 소수\014. 뒤집은 소수.vcxproj", "{B7992634-E9E2-46A4-B30A-BB8ADCACB83A}"
EndProject
Project("{8BC9CEB8-8B4A-11D0-8D11-00A0C91BC942}") = "015. 소수의 개수", "015. 소수의 개수\015. 소수의 개수.vcxproj", "{D1DF2033-7B43-4632-83C3-4FCC7914FE24}"
EndProject
Project("{8BC9CEB8-8B4A-11D0-8D11-00A0C91BC942}") = "016. Anagram(아나그램 구글 인터뷰 문제)", "016. Anagram(아나그램 구글 인터뷰 문제)\016. Anagram(아나그램 구글 인터뷰 문제).vcxproj", "{DB6F54E8-A151-41E4-AFD7-82938DE7A1A5}"
EndProject
Project("{8BC9CEB8-8B4A-11D0-8D11-00A0C91BC942}") = "017. 선생님 퀴즈", "017. 선생님 퀴즈\017. 선생님 퀴즈.vcxproj", "{4FBBF06A-9B41-4BAB-89F7-DE6CD274B9E5}"
EndProject
Project("{8BC9CEB8-8B4A-11D0-8D11-00A0C91BC942}") = "018. 층간소음", "018. 층간소음\018. 층간소음.vcxproj", "{BE56A6CA-9472-4F32-8F11-CD6A310E982B}"
EndProject
Project("{8BC9CEB8-8B4A-11D0-8D11-00A0C91BC942}") = "019. 분노 유발자", "019. 분노 유발자\019. 분노 유발자.vcxproj", "{460592C6-E63B-48BE-B119-F818D74812BA}"
EndProject
Project("{8BC9CEB8-8B4A-11D0-8D11-00A0C91BC942}") = "020. 가위 바위 보", "020. 가위 바위 보\020. 가위 바위 보.vcxproj", "{FD5459FC-0E9D-490F-8CFB-77FF68FFA5BB}"
EndProject
Project("{8BC9CEB8-8B4A-11D0-8D11-00A0C91BC942}") = "021. 카드게임", "021. 카드게임\021. 카드게임.vcxproj", "{67F9DAC2-11D9-4D6E-893A-AAA68CD63089}"
EndProject
Project("{8BC9CEB8-8B4A-11D0-8D11-00A0C91BC942}") = "022. 온도의 최대값", "022. 온도의 최대값\022. 온도의 최대값.vcxproj", "{FFF84A69-459A-477F-B3ED-503FA8B4B10D}"
EndProject
Project("{8BC9CEB8-8B4A-11D0-8D11-00A0C91BC942}") = "023. 연속 부분 증가수열", "023. 연속 부분 증가수열\023. 연속 부분 증가수열.vcxproj", "{7A17DE62-D42E-41E4-9058-6B7EA7422A0B}"
EndProject
Project("{8BC9CEB8-8B4A-11D0-8D11-00A0C91BC942}") = "024. Jolly Jumpers", "024. Jolly Jumpers\024. Jolly Jumpers.vcxproj", "{43CBC87B-81DC-4070-8FD1-D1F36E1A226C}"
EndProject
Project("{8BC9CEB8-8B4A-11D0-8D11-00A0C91BC942}") = "025. 석차 구하기", "025. 석차 구하기\025. 석차 구하기.vcxproj", "{C0EFDA2B-21F1-45BC-ACA2-4EBAC755253E}"
EndProject
Project("{8BC9CEB8-8B4A-11D0-8D11-00A0C91BC942}") = "026. 마라톤", "026. 마라톤\026. 마라톤.vcxproj", "{EF79246C-50F4-488B-AF82-36CE84B608D5}"
EndProject
Project("{8BC9CEB8-8B4A-11D0-8D11-00A0C91BC942}") = "027. N!의 표현법", "027. N!의 표현법\027. N!의 표현법.vcxproj", "{DA692512-D1FB-4EC6-AD0B-18987F38F0A1}"
EndProject
Project("{8BC9CEB8-8B4A-11D0-8D11-00A0C91BC942}") = "028. N!에서 0의 개수", "028. N!에서 0의 개수\028. N!에서 0의 개수.vcxproj", "{B3024DFD-10AE-4F4E-878C-24DA10825741}"
EndProject
Project("{8BC9CEB8-8B4A-11D0-8D11-00A0C91BC942}") = "029. 3의 개수는(small)", "029. 3의 개수는(small)\029. 3의 개수는(small).vcxproj", "{B39404C4-DFA5-4560-B58F-1D0C06763314}"
EndProject
Project("{8BC9CEB8-8B4A-11D0-8D11-00A0C91BC942}") = "030. 3의 개수는(large)", "030. 3의 개수는(large)\030. 3의 개수는(large).vcxproj", "{7C8FD1CD-B8C8-48A5-96FE-B5E2EBA5D87B}"
EndProject
Project("{8BC9CEB8-8B4A-11D0-8D11-00A0C91BC942}") = "031. 탄화수소 질량", "031. 탄화수소 질량\031. 탄화수소 질량.vcxproj", "{BDA6FFC0-ED5E-442D-AE5F-5C28917F8A1D}"
EndProject
Project("{8BC9CEB8-8B4A-11D0-8D11-00A0C91BC942}") = "032. 선택정렬", "032. 선택정렬\032. 선택정렬.vcxproj", "{4E8FA9BD-A771-4304-B43F-FD3B133B5445}"
EndProject
Project("{8BC9CEB8-8B4A-11D0-8D11-00A0C91BC942}") = "033. 3등의 성적은", "033. 3등의 성적은\033. 3등의 성적은.vcxproj", "{A38773B7-AA84-4E96-9A84-FF67B9120BF7}"
EndProject
Project("{8BC9CEB8-8B4A-11D0-8D11-00A0C91BC942}") = "034. 버블정렬", "034. 버블정렬\034. 버블정렬.vcxproj", "{36456B25-7CEC-4295-BE88-517B0185D4D3}"
EndProject
Project("{8BC9CEB8-8B4A-11D0-8D11-00A0C91BC942}") = "035. Special Sort(구글)", "035. Special Sort(구글)\035. Special Sort(구글).vcxproj", "{D311A684-DE70-4D2E-ADA7-ECEEAB1D200B}"
EndProject
Project("{8BC9CEB8-8B4A-11D0-8D11-00A0C91BC942}") = "036. 삽입정렬", "036. 삽입정렬\036. 삽입정렬.vcxproj", "{77572C91-086A-4116-92C9-72EF587DF208}"
EndProject
Project("{8BC9CEB8-8B4A-11D0-8D11-00A0C91BC942}") = "037. Least Recently Used(카카오 캐시 문제 변형)", "037. Least Recently Used(카카오 캐시 문제 변형)\037. Least Recently Used(카카오 캐시 문제 변형).vcxproj", "{77AAEDA1-13E1-4BE0-BA97-4F49C6B267DA}"
EndProject
Project("{8BC9CEB8-8B4A-11D0-8D11-00A0C91BC942}") = "038. Inversion Sequence", "038. Inversion Sequence\038. Inversion Sequence.vcxproj", "{D8EFD072-32C2-4F27-8462-BEA53D751C62}"
EndProject
Project("{8BC9CEB8-8B4A-11D0-8D11-00A0C91BC942}") = "039. 두 배열 합치기", "039. 두 배열 합치기\039. 두 배열 합치기.vcxproj", "{0116947D-C055-441B-94EB-0317ADC92F57}"
EndProject
Project("{8BC9CEB8-8B4A-11D0-8D11-00A0C91BC942}") = "040. 교집합(투포인트 알고리즘)", "040. 교집합(투포인트 알고리즘)\040. 교집합(투포인트 알고리즘).vcxproj", "{04699075-B18E-4B0F-95B3-9F1E47FC63FA}"
EndProject
Project("{8BC9CEB8-8B4A-11D0-8D11-00A0C91BC942}") = "041. 연속된 자연수의 합", "041. 연속된 자연수의 합\041. 연속된 자연수의 합.vcxproj", "{925B2071-E992-426A-833E-2AFFF28DC5C1}"
EndProject
Project("{8BC9CEB8-8B4A-11D0-8D11-00A0C91BC942}") = "042. 이분검색", "042. 이분검색\042. 이분검색.vcxproj", "{421C17E9-5993-422A-90B7-9C9B2F6C93BC}"
EndProject
Project("{8BC9CEB8-8B4A-11D0-8D11-00A0C91BC942}") = "043. 뮤직비디오(이분검색 응용)", "043. 뮤직비디오(이분검색 응용)\043. 뮤직비디오(이분검색 응용).vcxproj", "{96F17557-27B7-494A-BC8C-F3E9EF8A03B1}"
EndProject
Project("{8BC9CEB8-8B4A-11D0-8D11-00A0C91BC942}") = "044. 마구간 정하기(이분검색 응용)", "044. 마구간 정하기(이분검색 응용)\044. 마구간 정하기(이분검색 응용).vcxproj", "{FF1621D8-6E9D-4AAC-B11B-D81A94506EC5}"
EndProject
Project("{8BC9CEB8-8B4A-11D0-8D11-00A0C91BC942}") = "045. 공주 구하기", "045. 공주 구하기\045. 공주 구하기.vcxproj", "{784FEE7D-57A3-4AC0-AAD9-25BABCB91903}"
EndProject
Project("{8BC9CEB8-8B4A-11D0-8D11-00A0C91BC942}") = "046. 멀티태스킹(카카오 먹방 문제 변형)", "046. 멀티태스킹(카카오 먹방 문제 변형)\046. 멀티태스킹(카카오 먹방 문제 변형).vcxproj", "{4C3BB3B4-211F-4B14-944E-F84FD9054DC9}"
EndProject
Project("{8BC9CEB8-8B4A-11D0-8D11-00A0C91BC942}") = "047. 봉우리", "047. 봉우리\047. 봉우리.vcxproj", "{299954C5-EEFF-4B82-8BEC-12B3D38578E3}"
EndProject
Project("{8BC9CEB8-8B4A-11D0-8D11-00A0C91BC942}") = "048. 각 행의 평균과 가장 가까운 값", "048. 각 행의 평균과 가장 가까운 값\048. 각 행의 평균과 가장 가까운 값.vcxproj", "{F92414AE-8CD8-45FD-8B7C-D5605A5B9EF4}"
EndProject
Project("{8BC9CEB8-8B4A-11D0-8D11-00A0C91BC942}") = "049. 블록의 최댓값", "049. 블록의 최댓값\049. 블록의 최댓값.vcxproj", "{B52D76C2-3FD0-4CC2-9E83-48B6BA09BF02}"
EndProject
Project("{8BC9CEB8-8B4A-11D0-8D11-00A0C91BC942}") = "050. 영지(territory) 선택 (small)", "050. 영지(territory) 선택 (small)\050. 영지(territory) 선택 (small).vcxproj", "{F2B35414-C2E9-46BC-A2FB-313AA12725A4}"
EndProject
Project("{8BC9CEB8-8B4A-11D0-8D11-00A0C91BC942}") = "051. 영지(territory) 선택 (large)", "051. 영지(territory) 선택 (large)\051. 영지(territory) 선택 (large).vcxproj", "{DEC3E733-5929-4A3B-B899-B12EDCF0E98B}"
EndProject
Project("{8BC9CEB8-8B4A-11D0-8D11-00A0C91BC942}") = "052. Ugly Numbers", "052. Ugly Numbers\052. Ugly Numbers.vcxproj", "{B148A5A7-335E-4C11-AF26-71836B3C9027}"
EndProject
Project("{8BC9CEB8-8B4A-11D0-8D11-00A0C91BC942}") = "053. K진수 출력", "053. K진수 출력\053. K진수 출력.vcxproj", "{81821233-70D7-4C48-AE33-DF596F866DCD}"
EndProject
Project("{8BC9CEB8-8B4A-11D0-8D11-00A0C91BC942}") = "054. 올바른 괄호(stack)", "054. 올바른 괄호(stack)\054. 올바른 괄호(stack).vcxproj", "{B8614815-64D3-4D1B-BEE1-4E6CB225E777}"
EndProject
Project("{8BC9CEB8-8B4A-11D0-8D11-00A0C91BC942}") = "055. 기차운행(stack 응용)", "055. 기차운행(stack 응용)\055. 기차운행(stack 응용).vcxproj", "{5AF5D80C-20B9-40EF-92ED-71F8155C42A8}"
EndProject
Project("{8BC9CEB8-8B4A-11D0-8D11-00A0C91BC942}") = "056. 재귀함수 분석", "056. 재귀함수 분석\056. 재귀함수 분석.vcxproj", "{E5DA8518-076E-4170-BD85-DB0E12AAAEAB}"
EndProject
Project("{8BC9CEB8-8B4A-11D0-8D11-00A0C91BC942}") = "057. 재귀함수 이진수 출력", "057. 재귀함수 이진수 출력\057. 재귀함수 이진수 출력.vcxproj", "{0F728836-B0CE-41AA-A594-E27F30749FF5}"
EndProject
Project("{8BC9CEB8-8B4A-11D0-8D11-00A0C91BC942}") = "058. 이진트리 깊이우선탐색(DFS)", "058. 이진트리 깊이우선탐색(DFS)\058. 이진트리 깊이우선탐색(DFS).vcxproj", "{90ADA4BA-7B3F-43E3-9BC4-5DCE45259032}"
EndProject
Project("{8BC9CEB8-8B4A-11D0-8D11-00A0C91BC942}") = "059. 부분집합(DFS)", "059. 부분집합(DFS)\059. 부분집합(DFS).vcxproj", "{01E09DEB-8660-40AA-9500-0899B56E2AAA}"
EndProject
Project("{8BC9CEB8-8B4A-11D0-8D11-00A0C91BC942}") = "060. 합이 같은 부분집합(DFS 아마존 인터뷰)", "060. 합이 같은 부분집합(DFS 아마존 인터뷰)\060. 합이 같은 부분집합(DFS 아마존 인터뷰).vcxproj", "{D6EE5D9B-CEDC-4C8F-96D4-4C52BD276DB4}"
EndProject
Project("{8BC9CEB8-8B4A-11D0-8D11-00A0C91BC942}") = "061. 특정 수 만들기(DFS MS 인터뷰)", "061. 특정 수 만들기(DFS MS 인터뷰)\061. 특정 수 만들기(DFS MS 인터뷰).vcxproj", "{C503226B-3515-4FA7-9190-9FC9595ED778}"
EndProject
Project("{8BC9CEB8-8B4A-11D0-8D11-00A0C91BC942}") = "062. 병합정렬", "062. 병합정렬\062. 병합정렬.vcxproj", "{8F76AC9A-658A-4821-8E6D-B62B7917A3C6}"
EndProject
Project("{8BC9CEB8-8B4A-11D0-8D11-00A0C91BC942}") = "063. 인접행렬(가중치 방향그래프)", "063. 인접행렬(가중치 방향그래프)\063. 인접행렬(가중치 방향그래프).vcxproj", "{D6B0418F-CC16-4FEA-AC07-D79DD985E5FA}"
EndProject
Project("{8BC9CEB8-8B4A-11D0-8D11-00A0C91BC942}") = "064. 경로 탐색(DFS)", "064. 경로 탐색(DFS)\064. 경로 탐색(DFS).vcxproj", "{B78796DD-943E-4882-AEE8-74B23F9D6145}"
EndProject
Project("{8BC9CEB8-8B4A-11D0-8D11-00A0C91BC942}") = "065. 미로탐색(DFS)", "065. 미로탐색(DFS)\065. 미로탐색(DFS).vcxproj", "{7023C985-B2A3-4287-89D2-BACC634B2AA7}"
EndProject
Project("{8BC9CEB8-8B4A-11D0-8D11-00A0C91BC942}") = "066. 경로 탐색(DFS 인접리스트 방법)", "066. 경로 탐색(DFS 인접리스트 방법)\066. 경로 탐색(DFS 인접리스트 방법).vcxproj", "{FD3AE8A6-2055-4538-8506-BB5ACA6ADCDC}"
EndProject
Project("{8BC9CEB8-8B4A-11D0-8D11-00A0C91BC942}") = "067. 최소비용(DFS 인접행렬)", "067. 최소비용(DFS 인접행렬)\067. 최소비용(DFS 인접행렬).vcxproj", "{34757500-D24C-4847-AA99-F16906568574}"
EndProject
Project("{8BC9CEB8-8B4A-11D0-8D11-00A0C91BC942}") = "068. 최소비용(DFS 가중치 방향그래프 인접리스트)", "068. 최소비용(DFS 가중치 방향그래프 인접리스트)\068. 최소비용(DFS 가중치 방향그래프 인접리스트).vcxproj", "{CE11DC07-2E44-47E2-B1A9-54D0921173E0}"
EndProject
Project("{8BC9CEB8-8B4A-11D0-8D11-00A0C91BC942}") = "069. 이진트리 넓이우선탐색(BFS)", "069. 이진트리 넓이우선탐색(BFS)\069. 이진트리 넓이우선탐색(BFS).vcxproj", "{0F5D4A1A-C258-4763-8341-DF6D34017E7C}"
EndProject
Project("{8BC9CEB8-8B4A-11D0-8D11-00A0C91BC942}") = "070. 그래프 최단거리(BFS)", "070. 그래프 최단거리(BFS)\070. 그래프 최단거리(BFS).vcxproj", "{D9DA503A-62AD-461E-84A5-B4D952D8D597}"
EndProject
Project("{8BC9CEB8-8B4A-11D0-8D11-00A0C91BC942}") = "071. 송아지 찾기(BFS 상태트리탐색)", "071. 송아지 찾기(BFS 상태트리탐색)\071. 송아지 찾기(BFS 상태트리탐색).vcxproj", "{5019C159-5A28-4FA7-8AAF-25524D58B3B9}"
EndProject
Project("{8BC9CEB8-8B4A-11D0-8D11-00A0C91BC942}") = "072. 공주 구하기(큐 자료구조로 해결)", "072. 공주 구하기(큐 자료구조로 해결)\072. 공주 구하기(큐 자료구조로 해결).vcxproj", "{6DAC0E18-7F23-436A-9695-59316EAEAC2D}"
EndProject
Project("{8BC9CEB8-8B4A-11D0-8D11-00A0C91BC942}") = "073. 최대힙(priority_queue 우선순위 큐)", "073. 최대힙(priority_queue 우선순위 큐)\073. 최대힙(priority_queue 우선순위 큐).vcxproj", "{8F6BA3F7-B9FF-4A63-9DA2-4C808A9C7BD7}"
EndProject
Project("{8BC9CEB8-8B4A-11D0-8D11-00A0C91BC942}") = "074. 최소힙(priority_queue 우선순위 큐)", "074. 최소힙(priority_queue 우선순위 큐)\074. 최소힙(priority_queue 우선순위 큐).vcxproj", "{496F5E25-358D-4E6C-9B18-3B1D8E30BCAE}"
EndProject
Project("{8BC9CEB8-8B4A-11D0-8D11-00A0C91BC942}") = "075. 최대 수입 스케쥴(priority_queue 응용문제)", "075. 최대 수입 스케쥴(priority_queue 응용문제)\075. 최대 수입 스케쥴(priority_queue 응용문제).vcxproj", "{00235539-EC15-4888-9FF6-4235ED9B1059}"
EndProject
Project("{8BC9CEB8-8B4A-11D0-8D11-00A0C91BC942}") = "076. 이항계수(메모이제이션)", "076. 이항계수(메모이제이션)\076. 이항계수(메모이제이션).vcxproj", "{C771C689-D63A-4A71-974F-68BD36D17C7E}"
EndProject
Project("{8BC9CEB8-8B4A-11D0-8D11-00A0C91BC942}") = "077. 친구인가 (Unionz_Find 자료구조)", "077. 친구인가 (Unionz_Find 자료구조)\077. 친구인가 (Unionz_Find 자료구조).vcxproj", "{572F3E1C-43C8-425B-8F3E-541209C21EBA}"
EndProject
Project("{8BC9CEB8-8B4A-11D0-8D11-00A0C91BC942}") = "078. 원더랜드(Kruskal MST 알고리즘 Union_Find 활용)", "078. 원더랜드(Kruskal MST 알고리즘 Union_Find 활용)\078. 원더랜드(Kruskal MST 알고리즘 Union_Find 활용).vcxproj", "{724E2832-34AF-4023-AD90-395C59CB05B1}"
EndProject
Project("{8BC9CEB8-8B4A-11D0-8D11-00A0C91BC942}") = "079. 원더랜드(Prim MST 알고리즘 priority_queue 활용)", "079. 원더랜드(Prim MST 알고리즘 priority_queue 활용)\079. 원더랜드(Prim MST 알고리즘 priority_queue 활용).vcxproj", "{A3A7DD87-73EA-4455-AC41-551C0A4C3095}"
EndProject
Project("{8BC9CEB8-8B4A-11D0-8D11-00A0C91BC942}") = "080. 다익스트라 알고리즘", "080. 다익스트라 알고리즘\080. 다익스트라 알고리즘.vcxproj", "{395E630C-7D2F-4866-8F96-0EC53F925270}"
EndProject
Project("{8BC9CEB8-8B4A-11D0-8D11-00A0C91BC942}") = "081. 벨만-포드 알고리즘", "081. 벨만-포드 알고리즘\081. 벨만-포드 알고리즘.vcxproj", "{D29CE68C-A202-4F43-8011-880C5D0F4DCC}"
EndProject
Project("{8BC9CEB8-8B4A-11D0-8D11-00A0C91BC942}") = "082. 순열구하기(DFS Depth First Search)", "082. 순열구하기(DFS Depth First Search)\082. 순열구하기(DFS Depth First Search).vcxproj", "{6C561EB6-BC21-445C-AC6C-B0E089C9B68F}"
EndProject
Project("{8BC9CEB8-8B4A-11D0-8D11-00A0C91BC942}") = "083. 복면산 SEND+MORE=MONEY (MS인터뷰)", "083. 복면산 SEND+MORE=MONEY (MS인터뷰)\083. 복면산 SEND+MORE=MONEY (MS인터뷰).vcxproj", "{8CC39CBD-6073-4E0C-996D-928A317EAB27}"
EndProject
Project("{8BC9CEB8-8B4A-11D0-8D11-00A0C91BC942}") = "084. 휴가(삼성 SW역량평가 기출문제 DFS활용)", "084. 휴가(삼성 SW역량평가 기출문제 DFS활용)\084. 휴가(삼성 SW역량평가 기출문제 DFS활용).vcxproj", "{77CAFE2C-9419-4D69-8281-3DDD7F392FAB}"
EndProject
Global
	GlobalSection(SolutionConfigurationPlatforms) = preSolution
		Debug|x64 = Debug|x64
		Debug|x86 = Debug|x86
		Release|x64 = Release|x64
		Release|x86 = Release|x86
	EndGlobalSection
	GlobalSection(ProjectConfigurationPlatforms) = postSolution
		{8EE6C1AB-6407-4CD9-A329-312E1C8E8BCD}.Debug|x64.ActiveCfg = Debug|x64
		{8EE6C1AB-6407-4CD9-A329-312E1C8E8BCD}.Debug|x64.Build.0 = Debug|x64
		{8EE6C1AB-6407-4CD9-A329-312E1C8E8BCD}.Debug|x86.ActiveCfg = Debug|Win32
		{8EE6C1AB-6407-4CD9-A329-312E1C8E8BCD}.Debug|x86.Build.0 = Debug|Win32
		{8EE6C1AB-6407-4CD9-A329-312E1C8E8BCD}.Release|x64.ActiveCfg = Release|x64
		{8EE6C1AB-6407-4CD9-A329-312E1C8E8BCD}.Release|x64.Build.0 = Release|x64
		{8EE6C1AB-6407-4CD9-A329-312E1C8E8BCD}.Release|x86.ActiveCfg = Release|Win32
		{8EE6C1AB-6407-4CD9-A329-312E1C8E8BCD}.Release|x86.Build.0 = Release|Win32
		{418997FD-8FD1-4B89-826F-EBF229CFDCAC}.Debug|x64.ActiveCfg = Debug|x64
		{418997FD-8FD1-4B89-826F-EBF229CFDCAC}.Debug|x64.Build.0 = Debug|x64
		{418997FD-8FD1-4B89-826F-EBF229CFDCAC}.Debug|x86.ActiveCfg = Debug|Win32
		{418997FD-8FD1-4B89-826F-EBF229CFDCAC}.Debug|x86.Build.0 = Debug|Win32
		{418997FD-8FD1-4B89-826F-EBF229CFDCAC}.Release|x64.ActiveCfg = Release|x64
		{418997FD-8FD1-4B89-826F-EBF229CFDCAC}.Release|x64.Build.0 = Release|x64
		{418997FD-8FD1-4B89-826F-EBF229CFDCAC}.Release|x86.ActiveCfg = Release|Win32
		{418997FD-8FD1-4B89-826F-EBF229CFDCAC}.Release|x86.Build.0 = Release|Win32
		{B3FD1727-D500-47AE-9A42-EE64B392D681}.Debug|x64.ActiveCfg = Debug|x64
		{B3FD1727-D500-47AE-9A42-EE64B392D681}.Debug|x64.Build.0 = Debug|x64
		{B3FD1727-D500-47AE-9A42-EE64B392D681}.Debug|x86.ActiveCfg = Debug|Win32
		{B3FD1727-D500-47AE-9A42-EE64B392D681}.Debug|x86.Build.0 = Debug|Win32
		{B3FD1727-D500-47AE-9A42-EE64B392D681}.Release|x64.ActiveCfg = Release|x64
		{B3FD1727-D500-47AE-9A42-EE64B392D681}.Release|x64.Build.0 = Release|x64
		{B3FD1727-D500-47AE-9A42-EE64B392D681}.Release|x86.ActiveCfg = Release|Win32
		{B3FD1727-D500-47AE-9A42-EE64B392D681}.Release|x86.Build.0 = Release|Win32
		{BADF961A-8F79-482A-9A6E-EC283F01699F}.Debug|x64.ActiveCfg = Debug|x64
		{BADF961A-8F79-482A-9A6E-EC283F01699F}.Debug|x64.Build.0 = Debug|x64
		{BADF961A-8F79-482A-9A6E-EC283F01699F}.Debug|x86.ActiveCfg = Debug|Win32
		{BADF961A-8F79-482A-9A6E-EC283F01699F}.Debug|x86.Build.0 = Debug|Win32
		{BADF961A-8F79-482A-9A6E-EC283F01699F}.Release|x64.ActiveCfg = Release|x64
		{BADF961A-8F79-482A-9A6E-EC283F01699F}.Release|x64.Build.0 = Release|x64
		{BADF961A-8F79-482A-9A6E-EC283F01699F}.Release|x86.ActiveCfg = Release|Win32
		{BADF961A-8F79-482A-9A6E-EC283F01699F}.Release|x86.Build.0 = Release|Win32
		{C5304CF7-C6FC-4B74-8F01-C07436E9FECF}.Debug|x64.ActiveCfg = Debug|x64
		{C5304CF7-C6FC-4B74-8F01-C07436E9FECF}.Debug|x64.Build.0 = Debug|x64
		{C5304CF7-C6FC-4B74-8F01-C07436E9FECF}.Debug|x86.ActiveCfg = Debug|Win32
		{C5304CF7-C6FC-4B74-8F01-C07436E9FECF}.Debug|x86.Build.0 = Debug|Win32
		{C5304CF7-C6FC-4B74-8F01-C07436E9FECF}.Release|x64.ActiveCfg = Release|x64
		{C5304CF7-C6FC-4B74-8F01-C07436E9FECF}.Release|x64.Build.0 = Release|x64
		{C5304CF7-C6FC-4B74-8F01-C07436E9FECF}.Release|x86.ActiveCfg = Release|Win32
		{C5304CF7-C6FC-4B74-8F01-C07436E9FECF}.Release|x86.Build.0 = Release|Win32
		{79A8C9CD-040A-43CA-A481-203E7E798CD6}.Debug|x64.ActiveCfg = Debug|x64
		{79A8C9CD-040A-43CA-A481-203E7E798CD6}.Debug|x64.Build.0 = Debug|x64
		{79A8C9CD-040A-43CA-A481-203E7E798CD6}.Debug|x86.ActiveCfg = Debug|Win32
		{79A8C9CD-040A-43CA-A481-203E7E798CD6}.Debug|x86.Build.0 = Debug|Win32
		{79A8C9CD-040A-43CA-A481-203E7E798CD6}.Release|x64.ActiveCfg = Release|x64
		{79A8C9CD-040A-43CA-A481-203E7E798CD6}.Release|x64.Build.0 = Release|x64
		{79A8C9CD-040A-43CA-A481-203E7E798CD6}.Release|x86.ActiveCfg = Release|Win32
		{79A8C9CD-040A-43CA-A481-203E7E798CD6}.Release|x86.Build.0 = Release|Win32
		{22FFD270-26F3-4E5E-BC0E-B667947B091A}.Debug|x64.ActiveCfg = Debug|x64
		{22FFD270-26F3-4E5E-BC0E-B667947B091A}.Debug|x64.Build.0 = Debug|x64
		{22FFD270-26F3-4E5E-BC0E-B667947B091A}.Debug|x86.ActiveCfg = Debug|Win32
		{22FFD270-26F3-4E5E-BC0E-B667947B091A}.Debug|x86.Build.0 = Debug|Win32
		{22FFD270-26F3-4E5E-BC0E-B667947B091A}.Release|x64.ActiveCfg = Release|x64
		{22FFD270-26F3-4E5E-BC0E-B667947B091A}.Release|x64.Build.0 = Release|x64
		{22FFD270-26F3-4E5E-BC0E-B667947B091A}.Release|x86.ActiveCfg = Release|Win32
		{22FFD270-26F3-4E5E-BC0E-B667947B091A}.Release|x86.Build.0 = Release|Win32
		{4D9AC96E-0AE4-46A6-83F4-211CF367E294}.Debug|x64.ActiveCfg = Debug|x64
		{4D9AC96E-0AE4-46A6-83F4-211CF367E294}.Debug|x64.Build.0 = Debug|x64
		{4D9AC96E-0AE4-46A6-83F4-211CF367E294}.Debug|x86.ActiveCfg = Debug|Win32
		{4D9AC96E-0AE4-46A6-83F4-211CF367E294}.Debug|x86.Build.0 = Debug|Win32
		{4D9AC96E-0AE4-46A6-83F4-211CF367E294}.Release|x64.ActiveCfg = Release|x64
		{4D9AC96E-0AE4-46A6-83F4-211CF367E294}.Release|x64.Build.0 = Release|x64
		{4D9AC96E-0AE4-46A6-83F4-211CF367E294}.Release|x86.ActiveCfg = Release|Win32
		{4D9AC96E-0AE4-46A6-83F4-211CF367E294}.Release|x86.Build.0 = Release|Win32
		{FE1DE229-F3FB-4125-A323-CEDD93A14018}.Debug|x64.ActiveCfg = Debug|x64
		{FE1DE229-F3FB-4125-A323-CEDD93A14018}.Debug|x64.Build.0 = Debug|x64
		{FE1DE229-F3FB-4125-A323-CEDD93A14018}.Debug|x86.ActiveCfg = Debug|Win32
		{FE1DE229-F3FB-4125-A323-CEDD93A14018}.Debug|x86.Build.0 = Debug|Win32
		{FE1DE229-F3FB-4125-A323-CEDD93A14018}.Release|x64.ActiveCfg = Release|x64
		{FE1DE229-F3FB-4125-A323-CEDD93A14018}.Release|x64.Build.0 = Release|x64
		{FE1DE229-F3FB-4125-A323-CEDD93A14018}.Release|x86.ActiveCfg = Release|Win32
		{FE1DE229-F3FB-4125-A323-CEDD93A14018}.Release|x86.Build.0 = Release|Win32
		{9C01C6F9-5912-460E-B58F-81C9E607D643}.Debug|x64.ActiveCfg = Debug|x64
		{9C01C6F9-5912-460E-B58F-81C9E607D643}.Debug|x64.Build.0 = Debug|x64
		{9C01C6F9-5912-460E-B58F-81C9E607D643}.Debug|x86.ActiveCfg = Debug|Win32
		{9C01C6F9-5912-460E-B58F-81C9E607D643}.Debug|x86.Build.0 = Debug|Win32
		{9C01C6F9-5912-460E-B58F-81C9E607D643}.Release|x64.ActiveCfg = Release|x64
		{9C01C6F9-5912-460E-B58F-81C9E607D643}.Release|x64.Build.0 = Release|x64
		{9C01C6F9-5912-460E-B58F-81C9E607D643}.Release|x86.ActiveCfg = Release|Win32
		{9C01C6F9-5912-460E-B58F-81C9E607D643}.Release|x86.Build.0 = Release|Win32
		{CCA2595B-0DED-40D0-B757-B81CF0F80E60}.Debug|x64.ActiveCfg = Debug|x64
		{CCA2595B-0DED-40D0-B757-B81CF0F80E60}.Debug|x64.Build.0 = Debug|x64
		{CCA2595B-0DED-40D0-B757-B81CF0F80E60}.Debug|x86.ActiveCfg = Debug|Win32
		{CCA2595B-0DED-40D0-B757-B81CF0F80E60}.Debug|x86.Build.0 = Debug|Win32
		{CCA2595B-0DED-40D0-B757-B81CF0F80E60}.Release|x64.ActiveCfg = Release|x64
		{CCA2595B-0DED-40D0-B757-B81CF0F80E60}.Release|x64.Build.0 = Release|x64
		{CCA2595B-0DED-40D0-B757-B81CF0F80E60}.Release|x86.ActiveCfg = Release|Win32
		{CCA2595B-0DED-40D0-B757-B81CF0F80E60}.Release|x86.Build.0 = Release|Win32
		{E9A3F3FF-45D2-464B-85E1-7074F5532009}.Debug|x64.ActiveCfg = Debug|x64
		{E9A3F3FF-45D2-464B-85E1-7074F5532009}.Debug|x64.Build.0 = Debug|x64
		{E9A3F3FF-45D2-464B-85E1-7074F5532009}.Debug|x86.ActiveCfg = Debug|Win32
		{E9A3F3FF-45D2-464B-85E1-7074F5532009}.Debug|x86.Build.0 = Debug|Win32
		{E9A3F3FF-45D2-464B-85E1-7074F5532009}.Release|x64.ActiveCfg = Release|x64
		{E9A3F3FF-45D2-464B-85E1-7074F5532009}.Release|x64.Build.0 = Release|x64
		{E9A3F3FF-45D2-464B-85E1-7074F5532009}.Release|x86.ActiveCfg = Release|Win32
		{E9A3F3FF-45D2-464B-85E1-7074F5532009}.Release|x86.Build.0 = Release|Win32
		{C316473D-C3C6-4282-9EE5-38F356B02D2E}.Debug|x64.ActiveCfg = Debug|x64
		{C316473D-C3C6-4282-9EE5-38F356B02D2E}.Debug|x64.Build.0 = Debug|x64
		{C316473D-C3C6-4282-9EE5-38F356B02D2E}.Debug|x86.ActiveCfg = Debug|Win32
		{C316473D-C3C6-4282-9EE5-38F356B02D2E}.Debug|x86.Build.0 = Debug|Win32
		{C316473D-C3C6-4282-9EE5-38F356B02D2E}.Release|x64.ActiveCfg = Release|x64
		{C316473D-C3C6-4282-9EE5-38F356B02D2E}.Release|x64.Build.0 = Release|x64
		{C316473D-C3C6-4282-9EE5-38F356B02D2E}.Release|x86.ActiveCfg = Release|Win32
		{C316473D-C3C6-4282-9EE5-38F356B02D2E}.Release|x86.Build.0 = Release|Win32
		{B7992634-E9E2-46A4-B30A-BB8ADCACB83A}.Debug|x64.ActiveCfg = Debug|x64
		{B7992634-E9E2-46A4-B30A-BB8ADCACB83A}.Debug|x64.Build.0 = Debug|x64
		{B7992634-E9E2-46A4-B30A-BB8ADCACB83A}.Debug|x86.ActiveCfg = Debug|Win32
		{B7992634-E9E2-46A4-B30A-BB8ADCACB83A}.Debug|x86.Build.0 = Debug|Win32
		{B7992634-E9E2-46A4-B30A-BB8ADCACB83A}.Release|x64.ActiveCfg = Release|x64
		{B7992634-E9E2-46A4-B30A-BB8ADCACB83A}.Release|x64.Build.0 = Release|x64
		{B7992634-E9E2-46A4-B30A-BB8ADCACB83A}.Release|x86.ActiveCfg = Release|Win32
		{B7992634-E9E2-46A4-B30A-BB8ADCACB83A}.Release|x86.Build.0 = Release|Win32
		{D1DF2033-7B43-4632-83C3-4FCC7914FE24}.Debug|x64.ActiveCfg = Debug|x64
		{D1DF2033-7B43-4632-83C3-4FCC7914FE24}.Debug|x64.Build.0 = Debug|x64
		{D1DF2033-7B43-4632-83C3-4FCC7914FE24}.Debug|x86.ActiveCfg = Debug|Win32
		{D1DF2033-7B43-4632-83C3-4FCC7914FE24}.Debug|x86.Build.0 = Debug|Win32
		{D1DF2033-7B43-4632-83C3-4FCC7914FE24}.Release|x64.ActiveCfg = Release|x64
		{D1DF2033-7B43-4632-83C3-4FCC7914FE24}.Release|x64.Build.0 = Release|x64
		{D1DF2033-7B43-4632-83C3-4FCC7914FE24}.Release|x86.ActiveCfg = Release|Win32
		{D1DF2033-7B43-4632-83C3-4FCC7914FE24}.Release|x86.Build.0 = Release|Win32
		{DB6F54E8-A151-41E4-AFD7-82938DE7A1A5}.Debug|x64.ActiveCfg = Debug|x64
		{DB6F54E8-A151-41E4-AFD7-82938DE7A1A5}.Debug|x64.Build.0 = Debug|x64
		{DB6F54E8-A151-41E4-AFD7-82938DE7A1A5}.Debug|x86.ActiveCfg = Debug|Win32
		{DB6F54E8-A151-41E4-AFD7-82938DE7A1A5}.Debug|x86.Build.0 = Debug|Win32
		{DB6F54E8-A151-41E4-AFD7-82938DE7A1A5}.Release|x64.ActiveCfg = Release|x64
		{DB6F54E8-A151-41E4-AFD7-82938DE7A1A5}.Release|x64.Build.0 = Release|x64
		{DB6F54E8-A151-41E4-AFD7-82938DE7A1A5}.Release|x86.ActiveCfg = Release|Win32
		{DB6F54E8-A151-41E4-AFD7-82938DE7A1A5}.Release|x86.Build.0 = Release|Win32
		{4FBBF06A-9B41-4BAB-89F7-DE6CD274B9E5}.Debug|x64.ActiveCfg = Debug|x64
		{4FBBF06A-9B41-4BAB-89F7-DE6CD274B9E5}.Debug|x64.Build.0 = Debug|x64
		{4FBBF06A-9B41-4BAB-89F7-DE6CD274B9E5}.Debug|x86.ActiveCfg = Debug|Win32
		{4FBBF06A-9B41-4BAB-89F7-DE6CD274B9E5}.Debug|x86.Build.0 = Debug|Win32
		{4FBBF06A-9B41-4BAB-89F7-DE6CD274B9E5}.Release|x64.ActiveCfg = Release|x64
		{4FBBF06A-9B41-4BAB-89F7-DE6CD274B9E5}.Release|x64.Build.0 = Release|x64
		{4FBBF06A-9B41-4BAB-89F7-DE6CD274B9E5}.Release|x86.ActiveCfg = Release|Win32
		{4FBBF06A-9B41-4BAB-89F7-DE6CD274B9E5}.Release|x86.Build.0 = Release|Win32
		{BE56A6CA-9472-4F32-8F11-CD6A310E982B}.Debug|x64.ActiveCfg = Debug|x64
		{BE56A6CA-9472-4F32-8F11-CD6A310E982B}.Debug|x64.Build.0 = Debug|x64
		{BE56A6CA-9472-4F32-8F11-CD6A310E982B}.Debug|x86.ActiveCfg = Debug|Win32
		{BE56A6CA-9472-4F32-8F11-CD6A310E982B}.Debug|x86.Build.0 = Debug|Win32
		{BE56A6CA-9472-4F32-8F11-CD6A310E982B}.Release|x64.ActiveCfg = Release|x64
		{BE56A6CA-9472-4F32-8F11-CD6A310E982B}.Release|x64.Build.0 = Release|x64
		{BE56A6CA-9472-4F32-8F11-CD6A310E982B}.Release|x86.ActiveCfg = Release|Win32
		{BE56A6CA-9472-4F32-8F11-CD6A310E982B}.Release|x86.Build.0 = Release|Win32
		{460592C6-E63B-48BE-B119-F818D74812BA}.Debug|x64.ActiveCfg = Debug|x64
		{460592C6-E63B-48BE-B119-F818D74812BA}.Debug|x64.Build.0 = Debug|x64
		{460592C6-E63B-48BE-B119-F818D74812BA}.Debug|x86.ActiveCfg = Debug|Win32
		{460592C6-E63B-48BE-B119-F818D74812BA}.Debug|x86.Build.0 = Debug|Win32
		{460592C6-E63B-48BE-B119-F818D74812BA}.Release|x64.ActiveCfg = Release|x64
		{460592C6-E63B-48BE-B119-F818D74812BA}.Release|x64.Build.0 = Release|x64
		{460592C6-E63B-48BE-B119-F818D74812BA}.Release|x86.ActiveCfg = Release|Win32
		{460592C6-E63B-48BE-B119-F818D74812BA}.Release|x86.Build.0 = Release|Win32
		{FD5459FC-0E9D-490F-8CFB-77FF68FFA5BB}.Debug|x64.ActiveCfg = Debug|x64
		{FD5459FC-0E9D-490F-8CFB-77FF68FFA5BB}.Debug|x64.Build.0 = Debug|x64
		{FD5459FC-0E9D-490F-8CFB-77FF68FFA5BB}.Debug|x86.ActiveCfg = Debug|Win32
		{FD5459FC-0E9D-490F-8CFB-77FF68FFA5BB}.Debug|x86.Build.0 = Debug|Win32
		{FD5459FC-0E9D-490F-8CFB-77FF68FFA5BB}.Release|x64.ActiveCfg = Release|x64
		{FD5459FC-0E9D-490F-8CFB-77FF68FFA5BB}.Release|x64.Build.0 = Release|x64
		{FD5459FC-0E9D-490F-8CFB-77FF68FFA5BB}.Release|x86.ActiveCfg = Release|Win32
		{FD5459FC-0E9D-490F-8CFB-77FF68FFA5BB}.Release|x86.Build.0 = Release|Win32
		{67F9DAC2-11D9-4D6E-893A-AAA68CD63089}.Debug|x64.ActiveCfg = Debug|x64
		{67F9DAC2-11D9-4D6E-893A-AAA68CD63089}.Debug|x64.Build.0 = Debug|x64
		{67F9DAC2-11D9-4D6E-893A-AAA68CD63089}.Debug|x86.ActiveCfg = Debug|Win32
		{67F9DAC2-11D9-4D6E-893A-AAA68CD63089}.Debug|x86.Build.0 = Debug|Win32
		{67F9DAC2-11D9-4D6E-893A-AAA68CD63089}.Release|x64.ActiveCfg = Release|x64
		{67F9DAC2-11D9-4D6E-893A-AAA68CD63089}.Release|x64.Build.0 = Release|x64
		{67F9DAC2-11D9-4D6E-893A-AAA68CD63089}.Release|x86.ActiveCfg = Release|Win32
		{67F9DAC2-11D9-4D6E-893A-AAA68CD63089}.Release|x86.Build.0 = Release|Win32
		{FFF84A69-459A-477F-B3ED-503FA8B4B10D}.Debug|x64.ActiveCfg = Debug|x64
		{FFF84A69-459A-477F-B3ED-503FA8B4B10D}.Debug|x64.Build.0 = Debug|x64
		{FFF84A69-459A-477F-B3ED-503FA8B4B10D}.Debug|x86.ActiveCfg = Debug|Win32
		{FFF84A69-459A-477F-B3ED-503FA8B4B10D}.Debug|x86.Build.0 = Debug|Win32
		{FFF84A69-459A-477F-B3ED-503FA8B4B10D}.Release|x64.ActiveCfg = Release|x64
		{FFF84A69-459A-477F-B3ED-503FA8B4B10D}.Release|x64.Build.0 = Release|x64
		{FFF84A69-459A-477F-B3ED-503FA8B4B10D}.Release|x86.ActiveCfg = Release|Win32
		{FFF84A69-459A-477F-B3ED-503FA8B4B10D}.Release|x86.Build.0 = Release|Win32
		{7A17DE62-D42E-41E4-9058-6B7EA7422A0B}.Debug|x64.ActiveCfg = Debug|x64
		{7A17DE62-D42E-41E4-9058-6B7EA7422A0B}.Debug|x64.Build.0 = Debug|x64
		{7A17DE62-D42E-41E4-9058-6B7EA7422A0B}.Debug|x86.ActiveCfg = Debug|Win32
		{7A17DE62-D42E-41E4-9058-6B7EA7422A0B}.Debug|x86.Build.0 = Debug|Win32
		{7A17DE62-D42E-41E4-9058-6B7EA7422A0B}.Release|x64.ActiveCfg = Release|x64
		{7A17DE62-D42E-41E4-9058-6B7EA7422A0B}.Release|x64.Build.0 = Release|x64
		{7A17DE62-D42E-41E4-9058-6B7EA7422A0B}.Release|x86.ActiveCfg = Release|Win32
		{7A17DE62-D42E-41E4-9058-6B7EA7422A0B}.Release|x86.Build.0 = Release|Win32
		{43CBC87B-81DC-4070-8FD1-D1F36E1A226C}.Debug|x64.ActiveCfg = Debug|x64
		{43CBC87B-81DC-4070-8FD1-D1F36E1A226C}.Debug|x64.Build.0 = Debug|x64
		{43CBC87B-81DC-4070-8FD1-D1F36E1A226C}.Debug|x86.ActiveCfg = Debug|Win32
		{43CBC87B-81DC-4070-8FD1-D1F36E1A226C}.Debug|x86.Build.0 = Debug|Win32
		{43CBC87B-81DC-4070-8FD1-D1F36E1A226C}.Release|x64.ActiveCfg = Release|x64
		{43CBC87B-81DC-4070-8FD1-D1F36E1A226C}.Release|x64.Build.0 = Release|x64
		{43CBC87B-81DC-4070-8FD1-D1F36E1A226C}.Release|x86.ActiveCfg = Release|Win32
		{43CBC87B-81DC-4070-8FD1-D1F36E1A226C}.Release|x86.Build.0 = Release|Win32
		{C0EFDA2B-21F1-45BC-ACA2-4EBAC755253E}.Debug|x64.ActiveCfg = Debug|x64
		{C0EFDA2B-21F1-45BC-ACA2-4EBAC755253E}.Debug|x64.Build.0 = Debug|x64
		{C0EFDA2B-21F1-45BC-ACA2-4EBAC755253E}.Debug|x86.ActiveCfg = Debug|Win32
		{C0EFDA2B-21F1-45BC-ACA2-4EBAC755253E}.Debug|x86.Build.0 = Debug|Win32
		{C0EFDA2B-21F1-45BC-ACA2-4EBAC755253E}.Release|x64.ActiveCfg = Release|x64
		{C0EFDA2B-21F1-45BC-ACA2-4EBAC755253E}.Release|x64.Build.0 = Release|x64
		{C0EFDA2B-21F1-45BC-ACA2-4EBAC755253E}.Release|x86.ActiveCfg = Release|Win32
		{C0EFDA2B-21F1-45BC-ACA2-4EBAC755253E}.Release|x86.Build.0 = Release|Win32
		{EF79246C-50F4-488B-AF82-36CE84B608D5}.Debug|x64.ActiveCfg = Debug|x64
		{EF79246C-50F4-488B-AF82-36CE84B608D5}.Debug|x64.Build.0 = Debug|x64
		{EF79246C-50F4-488B-AF82-36CE84B608D5}.Debug|x86.ActiveCfg = Debug|Win32
		{EF79246C-50F4-488B-AF82-36CE84B608D5}.Debug|x86.Build.0 = Debug|Win32
		{EF79246C-50F4-488B-AF82-36CE84B608D5}.Release|x64.ActiveCfg = Release|x64
		{EF79246C-50F4-488B-AF82-36CE84B608D5}.Release|x64.Build.0 = Release|x64
		{EF79246C-50F4-488B-AF82-36CE84B608D5}.Release|x86.ActiveCfg = Release|Win32
		{EF79246C-50F4-488B-AF82-36CE84B608D5}.Release|x86.Build.0 = Release|Win32
		{DA692512-D1FB-4EC6-AD0B-18987F38F0A1}.Debug|x64.ActiveCfg = Debug|x64
		{DA692512-D1FB-4EC6-AD0B-18987F38F0A1}.Debug|x64.Build.0 = Debug|x64
		{DA692512-D1FB-4EC6-AD0B-18987F38F0A1}.Debug|x86.ActiveCfg = Debug|Win32
		{DA692512-D1FB-4EC6-AD0B-18987F38F0A1}.Debug|x86.Build.0 = Debug|Win32
		{DA692512-D1FB-4EC6-AD0B-18987F38F0A1}.Release|x64.ActiveCfg = Release|x64
		{DA692512-D1FB-4EC6-AD0B-18987F38F0A1}.Release|x64.Build.0 = Release|x64
		{DA692512-D1FB-4EC6-AD0B-18987F38F0A1}.Release|x86.ActiveCfg = Release|Win32
		{DA692512-D1FB-4EC6-AD0B-18987F38F0A1}.Release|x86.Build.0 = Release|Win32
		{B3024DFD-10AE-4F4E-878C-24DA10825741}.Debug|x64.ActiveCfg = Debug|x64
		{B3024DFD-10AE-4F4E-878C-24DA10825741}.Debug|x64.Build.0 = Debug|x64
		{B3024DFD-10AE-4F4E-878C-24DA10825741}.Debug|x86.ActiveCfg = Debug|Win32
		{B3024DFD-10AE-4F4E-878C-24DA10825741}.Debug|x86.Build.0 = Debug|Win32
		{B3024DFD-10AE-4F4E-878C-24DA10825741}.Release|x64.ActiveCfg = Release|x64
		{B3024DFD-10AE-4F4E-878C-24DA10825741}.Release|x64.Build.0 = Release|x64
		{B3024DFD-10AE-4F4E-878C-24DA10825741}.Release|x86.ActiveCfg = Release|Win32
		{B3024DFD-10AE-4F4E-878C-24DA10825741}.Release|x86.Build.0 = Release|Win32
		{B39404C4-DFA5-4560-B58F-1D0C06763314}.Debug|x64.ActiveCfg = Debug|x64
		{B39404C4-DFA5-4560-B58F-1D0C06763314}.Debug|x64.Build.0 = Debug|x64
		{B39404C4-DFA5-4560-B58F-1D0C06763314}.Debug|x86.ActiveCfg = Debug|Win32
		{B39404C4-DFA5-4560-B58F-1D0C06763314}.Debug|x86.Build.0 = Debug|Win32
		{B39404C4-DFA5-4560-B58F-1D0C06763314}.Release|x64.ActiveCfg = Release|x64
		{B39404C4-DFA5-4560-B58F-1D0C06763314}.Release|x64.Build.0 = Release|x64
		{B39404C4-DFA5-4560-B58F-1D0C06763314}.Release|x86.ActiveCfg = Release|Win32
		{B39404C4-DFA5-4560-B58F-1D0C06763314}.Release|x86.Build.0 = Release|Win32
		{7C8FD1CD-B8C8-48A5-96FE-B5E2EBA5D87B}.Debug|x64.ActiveCfg = Debug|x64
		{7C8FD1CD-B8C8-48A5-96FE-B5E2EBA5D87B}.Debug|x64.Build.0 = Debug|x64
		{7C8FD1CD-B8C8-48A5-96FE-B5E2EBA5D87B}.Debug|x86.ActiveCfg = Debug|Win32
		{7C8FD1CD-B8C8-48A5-96FE-B5E2EBA5D87B}.Debug|x86.Build.0 = Debug|Win32
		{7C8FD1CD-B8C8-48A5-96FE-B5E2EBA5D87B}.Release|x64.ActiveCfg = Release|x64
		{7C8FD1CD-B8C8-48A5-96FE-B5E2EBA5D87B}.Release|x64.Build.0 = Release|x64
		{7C8FD1CD-B8C8-48A5-96FE-B5E2EBA5D87B}.Release|x86.ActiveCfg = Release|Win32
		{7C8FD1CD-B8C8-48A5-96FE-B5E2EBA5D87B}.Release|x86.Build.0 = Release|Win32
		{BDA6FFC0-ED5E-442D-AE5F-5C28917F8A1D}.Debug|x64.ActiveCfg = Debug|x64
		{BDA6FFC0-ED5E-442D-AE5F-5C28917F8A1D}.Debug|x64.Build.0 = Debug|x64
		{BDA6FFC0-ED5E-442D-AE5F-5C28917F8A1D}.Debug|x86.ActiveCfg = Debug|Win32
		{BDA6FFC0-ED5E-442D-AE5F-5C28917F8A1D}.Debug|x86.Build.0 = Debug|Win32
		{BDA6FFC0-ED5E-442D-AE5F-5C28917F8A1D}.Release|x64.ActiveCfg = Release|x64
		{BDA6FFC0-ED5E-442D-AE5F-5C28917F8A1D}.Release|x64.Build.0 = Release|x64
		{BDA6FFC0-ED5E-442D-AE5F-5C28917F8A1D}.Release|x86.ActiveCfg = Release|Win32
		{BDA6FFC0-ED5E-442D-AE5F-5C28917F8A1D}.Release|x86.Build.0 = Release|Win32
		{4E8FA9BD-A771-4304-B43F-FD3B133B5445}.Debug|x64.ActiveCfg = Debug|x64
		{4E8FA9BD-A771-4304-B43F-FD3B133B5445}.Debug|x64.Build.0 = Debug|x64
		{4E8FA9BD-A771-4304-B43F-FD3B133B5445}.Debug|x86.ActiveCfg = Debug|Win32
		{4E8FA9BD-A771-4304-B43F-FD3B133B5445}.Debug|x86.Build.0 = Debug|Win32
		{4E8FA9BD-A771-4304-B43F-FD3B133B5445}.Release|x64.ActiveCfg = Release|x64
		{4E8FA9BD-A771-4304-B43F-FD3B133B5445}.Release|x64.Build.0 = Release|x64
		{4E8FA9BD-A771-4304-B43F-FD3B133B5445}.Release|x86.ActiveCfg = Release|Win32
		{4E8FA9BD-A771-4304-B43F-FD3B133B5445}.Release|x86.Build.0 = Release|Win32
		{A38773B7-AA84-4E96-9A84-FF67B9120BF7}.Debug|x64.ActiveCfg = Debug|x64
		{A38773B7-AA84-4E96-9A84-FF67B9120BF7}.Debug|x64.Build.0 = Debug|x64
		{A38773B7-AA84-4E96-9A84-FF67B9120BF7}.Debug|x86.ActiveCfg = Debug|Win32
		{A38773B7-AA84-4E96-9A84-FF67B9120BF7}.Debug|x86.Build.0 = Debug|Win32
		{A38773B7-AA84-4E96-9A84-FF67B9120BF7}.Release|x64.ActiveCfg = Release|x64
		{A38773B7-AA84-4E96-9A84-FF67B9120BF7}.Release|x64.Build.0 = Release|x64
		{A38773B7-AA84-4E96-9A84-FF67B9120BF7}.Release|x86.ActiveCfg = Release|Win32
		{A38773B7-AA84-4E96-9A84-FF67B9120BF7}.Release|x86.Build.0 = Release|Win32
		{36456B25-7CEC-4295-BE88-517B0185D4D3}.Debug|x64.ActiveCfg = Debug|x64
		{36456B25-7CEC-4295-BE88-517B0185D4D3}.Debug|x64.Build.0 = Debug|x64
		{36456B25-7CEC-4295-BE88-517B0185D4D3}.Debug|x86.ActiveCfg = Debug|Win32
		{36456B25-7CEC-4295-BE88-517B0185D4D3}.Debug|x86.Build.0 = Debug|Win32
		{36456B25-7CEC-4295-BE88-517B0185D4D3}.Release|x64.ActiveCfg = Release|x64
		{36456B25-7CEC-4295-BE88-517B0185D4D3}.Release|x64.Build.0 = Release|x64
		{36456B25-7CEC-4295-BE88-517B0185D4D3}.Release|x86.ActiveCfg = Release|Win32
		{36456B25-7CEC-4295-BE88-517B0185D4D3}.Release|x86.Build.0 = Release|Win32
		{D311A684-DE70-4D2E-ADA7-ECEEAB1D200B}.Debug|x64.ActiveCfg = Debug|x64
		{D311A684-DE70-4D2E-ADA7-ECEEAB1D200B}.Debug|x64.Build.0 = Debug|x64
		{D311A684-DE70-4D2E-ADA7-ECEEAB1D200B}.Debug|x86.ActiveCfg = Debug|Win32
		{D311A684-DE70-4D2E-ADA7-ECEEAB1D200B}.Debug|x86.Build.0 = Debug|Win32
		{D311A684-DE70-4D2E-ADA7-ECEEAB1D200B}.Release|x64.ActiveCfg = Release|x64
		{D311A684-DE70-4D2E-ADA7-ECEEAB1D200B}.Release|x64.Build.0 = Release|x64
		{D311A684-DE70-4D2E-ADA7-ECEEAB1D200B}.Release|x86.ActiveCfg = Release|Win32
		{D311A684-DE70-4D2E-ADA7-ECEEAB1D200B}.Release|x86.Build.0 = Release|Win32
		{77572C91-086A-4116-92C9-72EF587DF208}.Debug|x64.ActiveCfg = Debug|x64
		{77572C91-086A-4116-92C9-72EF587DF208}.Debug|x64.Build.0 = Debug|x64
		{77572C91-086A-4116-92C9-72EF587DF208}.Debug|x86.ActiveCfg = Debug|Win32
		{77572C91-086A-4116-92C9-72EF587DF208}.Debug|x86.Build.0 = Debug|Win32
		{77572C91-086A-4116-92C9-72EF587DF208}.Release|x64.ActiveCfg = Release|x64
		{77572C91-086A-4116-92C9-72EF587DF208}.Release|x64.Build.0 = Release|x64
		{77572C91-086A-4116-92C9-72EF587DF208}.Release|x86.ActiveCfg = Release|Win32
		{77572C91-086A-4116-92C9-72EF587DF208}.Release|x86.Build.0 = Release|Win32
		{77AAEDA1-13E1-4BE0-BA97-4F49C6B267DA}.Debug|x64.ActiveCfg = Debug|x64
		{77AAEDA1-13E1-4BE0-BA97-4F49C6B267DA}.Debug|x64.Build.0 = Debug|x64
		{77AAEDA1-13E1-4BE0-BA97-4F49C6B267DA}.Debug|x86.ActiveCfg = Debug|Win32
		{77AAEDA1-13E1-4BE0-BA97-4F49C6B267DA}.Debug|x86.Build.0 = Debug|Win32
		{77AAEDA1-13E1-4BE0-BA97-4F49C6B267DA}.Release|x64.ActiveCfg = Release|x64
		{77AAEDA1-13E1-4BE0-BA97-4F49C6B267DA}.Release|x64.Build.0 = Release|x64
		{77AAEDA1-13E1-4BE0-BA97-4F49C6B267DA}.Release|x86.ActiveCfg = Release|Win32
		{77AAEDA1-13E1-4BE0-BA97-4F49C6B267DA}.Release|x86.Build.0 = Release|Win32
		{D8EFD072-32C2-4F27-8462-BEA53D751C62}.Debug|x64.ActiveCfg = Debug|x64
		{D8EFD072-32C2-4F27-8462-BEA53D751C62}.Debug|x64.Build.0 = Debug|x64
		{D8EFD072-32C2-4F27-8462-BEA53D751C62}.Debug|x86.ActiveCfg = Debug|Win32
		{D8EFD072-32C2-4F27-8462-BEA53D751C62}.Debug|x86.Build.0 = Debug|Win32
		{D8EFD072-32C2-4F27-8462-BEA53D751C62}.Release|x64.ActiveCfg = Release|x64
		{D8EFD072-32C2-4F27-8462-BEA53D751C62}.Release|x64.Build.0 = Release|x64
		{D8EFD072-32C2-4F27-8462-BEA53D751C62}.Release|x86.ActiveCfg = Release|Win32
		{D8EFD072-32C2-4F27-8462-BEA53D751C62}.Release|x86.Build.0 = Release|Win32
		{0116947D-C055-441B-94EB-0317ADC92F57}.Debug|x64.ActiveCfg = Debug|x64
		{0116947D-C055-441B-94EB-0317ADC92F57}.Debug|x64.Build.0 = Debug|x64
		{0116947D-C055-441B-94EB-0317ADC92F57}.Debug|x86.ActiveCfg = Debug|Win32
		{0116947D-C055-441B-94EB-0317ADC92F57}.Debug|x86.Build.0 = Debug|Win32
		{0116947D-C055-441B-94EB-0317ADC92F57}.Release|x64.ActiveCfg = Release|x64
		{0116947D-C055-441B-94EB-0317ADC92F57}.Release|x64.Build.0 = Release|x64
		{0116947D-C055-441B-94EB-0317ADC92F57}.Release|x86.ActiveCfg = Release|Win32
		{0116947D-C055-441B-94EB-0317ADC92F57}.Release|x86.Build.0 = Release|Win32
		{04699075-B18E-4B0F-95B3-9F1E47FC63FA}.Debug|x64.ActiveCfg = Debug|x64
		{04699075-B18E-4B0F-95B3-9F1E47FC63FA}.Debug|x64.Build.0 = Debug|x64
		{04699075-B18E-4B0F-95B3-9F1E47FC63FA}.Debug|x86.ActiveCfg = Debug|Win32
		{04699075-B18E-4B0F-95B3-9F1E47FC63FA}.Debug|x86.Build.0 = Debug|Win32
		{04699075-B18E-4B0F-95B3-9F1E47FC63FA}.Release|x64.ActiveCfg = Release|x64
		{04699075-B18E-4B0F-95B3-9F1E47FC63FA}.Release|x64.Build.0 = Release|x64
		{04699075-B18E-4B0F-95B3-9F1E47FC63FA}.Release|x86.ActiveCfg = Release|Win32
		{04699075-B18E-4B0F-95B3-9F1E47FC63FA}.Release|x86.Build.0 = Release|Win32
		{925B2071-E992-426A-833E-2AFFF28DC5C1}.Debug|x64.ActiveCfg = Debug|x64
		{925B2071-E992-426A-833E-2AFFF28DC5C1}.Debug|x64.Build.0 = Debug|x64
		{925B2071-E992-426A-833E-2AFFF28DC5C1}.Debug|x86.ActiveCfg = Debug|Win32
		{925B2071-E992-426A-833E-2AFFF28DC5C1}.Debug|x86.Build.0 = Debug|Win32
		{925B2071-E992-426A-833E-2AFFF28DC5C1}.Release|x64.ActiveCfg = Release|x64
		{925B2071-E992-426A-833E-2AFFF28DC5C1}.Release|x64.Build.0 = Release|x64
		{925B2071-E992-426A-833E-2AFFF28DC5C1}.Release|x86.ActiveCfg = Release|Win32
		{925B2071-E992-426A-833E-2AFFF28DC5C1}.Release|x86.Build.0 = Release|Win32
		{421C17E9-5993-422A-90B7-9C9B2F6C93BC}.Debug|x64.ActiveCfg = Debug|x64
		{421C17E9-5993-422A-90B7-9C9B2F6C93BC}.Debug|x64.Build.0 = Debug|x64
		{421C17E9-5993-422A-90B7-9C9B2F6C93BC}.Debug|x86.ActiveCfg = Debug|Win32
		{421C17E9-5993-422A-90B7-9C9B2F6C93BC}.Debug|x86.Build.0 = Debug|Win32
		{421C17E9-5993-422A-90B7-9C9B2F6C93BC}.Release|x64.ActiveCfg = Release|x64
		{421C17E9-5993-422A-90B7-9C9B2F6C93BC}.Release|x64.Build.0 = Release|x64
		{421C17E9-5993-422A-90B7-9C9B2F6C93BC}.Release|x86.ActiveCfg = Release|Win32
		{421C17E9-5993-422A-90B7-9C9B2F6C93BC}.Release|x86.Build.0 = Release|Win32
		{96F17557-27B7-494A-BC8C-F3E9EF8A03B1}.Debug|x64.ActiveCfg = Debug|x64
		{96F17557-27B7-494A-BC8C-F3E9EF8A03B1}.Debug|x64.Build.0 = Debug|x64
		{96F17557-27B7-494A-BC8C-F3E9EF8A03B1}.Debug|x86.ActiveCfg = Debug|Win32
		{96F17557-27B7-494A-BC8C-F3E9EF8A03B1}.Debug|x86.Build.0 = Debug|Win32
		{96F17557-27B7-494A-BC8C-F3E9EF8A03B1}.Release|x64.ActiveCfg = Release|x64
		{96F17557-27B7-494A-BC8C-F3E9EF8A03B1}.Release|x64.Build.0 = Release|x64
		{96F17557-27B7-494A-BC8C-F3E9EF8A03B1}.Release|x86.ActiveCfg = Release|Win32
		{96F17557-27B7-494A-BC8C-F3E9EF8A03B1}.Release|x86.Build.0 = Release|Win32
		{FF1621D8-6E9D-4AAC-B11B-D81A94506EC5}.Debug|x64.ActiveCfg = Debug|x64
		{FF1621D8-6E9D-4AAC-B11B-D81A94506EC5}.Debug|x64.Build.0 = Debug|x64
		{FF1621D8-6E9D-4AAC-B11B-D81A94506EC5}.Debug|x86.ActiveCfg = Debug|Win32
		{FF1621D8-6E9D-4AAC-B11B-D81A94506EC5}.Debug|x86.Build.0 = Debug|Win32
		{FF1621D8-6E9D-4AAC-B11B-D81A94506EC5}.Release|x64.ActiveCfg = Release|x64
		{FF1621D8-6E9D-4AAC-B11B-D81A94506EC5}.Release|x64.Build.0 = Release|x64
		{FF1621D8-6E9D-4AAC-B11B-D81A94506EC5}.Release|x86.ActiveCfg = Release|Win32
		{FF1621D8-6E9D-4AAC-B11B-D81A94506EC5}.Release|x86.Build.0 = Release|Win32
		{784FEE7D-57A3-4AC0-AAD9-25BABCB91903}.Debug|x64.ActiveCfg = Debug|x64
		{784FEE7D-57A3-4AC0-AAD9-25BABCB91903}.Debug|x64.Build.0 = Debug|x64
		{784FEE7D-57A3-4AC0-AAD9-25BABCB91903}.Debug|x86.ActiveCfg = Debug|Win32
		{784FEE7D-57A3-4AC0-AAD9-25BABCB91903}.Debug|x86.Build.0 = Debug|Win32
		{784FEE7D-57A3-4AC0-AAD9-25BABCB91903}.Release|x64.ActiveCfg = Release|x64
		{784FEE7D-57A3-4AC0-AAD9-25BABCB91903}.Release|x64.Build.0 = Release|x64
		{784FEE7D-57A3-4AC0-AAD9-25BABCB91903}.Release|x86.ActiveCfg = Release|Win32
		{784FEE7D-57A3-4AC0-AAD9-25BABCB91903}.Release|x86.Build.0 = Release|Win32
		{4C3BB3B4-211F-4B14-944E-F84FD9054DC9}.Debug|x64.ActiveCfg = Debug|x64
		{4C3BB3B4-211F-4B14-944E-F84FD9054DC9}.Debug|x64.Build.0 = Debug|x64
		{4C3BB3B4-211F-4B14-944E-F84FD9054DC9}.Debug|x86.ActiveCfg = Debug|Win32
		{4C3BB3B4-211F-4B14-944E-F84FD9054DC9}.Debug|x86.Build.0 = Debug|Win32
		{4C3BB3B4-211F-4B14-944E-F84FD9054DC9}.Release|x64.ActiveCfg = Release|x64
		{4C3BB3B4-211F-4B14-944E-F84FD9054DC9}.Release|x64.Build.0 = Release|x64
		{4C3BB3B4-211F-4B14-944E-F84FD9054DC9}.Release|x86.ActiveCfg = Release|Win32
		{4C3BB3B4-211F-4B14-944E-F84FD9054DC9}.Release|x86.Build.0 = Release|Win32
		{299954C5-EEFF-4B82-8BEC-12B3D38578E3}.Debug|x64.ActiveCfg = Debug|x64
		{299954C5-EEFF-4B82-8BEC-12B3D38578E3}.Debug|x64.Build.0 = Debug|x64
		{299954C5-EEFF-4B82-8BEC-12B3D38578E3}.Debug|x86.ActiveCfg = Debug|Win32
		{299954C5-EEFF-4B82-8BEC-12B3D38578E3}.Debug|x86.Build.0 = Debug|Win32
		{299954C5-EEFF-4B82-8BEC-12B3D38578E3}.Release|x64.ActiveCfg = Release|x64
		{299954C5-EEFF-4B82-8BEC-12B3D38578E3}.Release|x64.Build.0 = Release|x64
		{299954C5-EEFF-4B82-8BEC-12B3D38578E3}.Release|x86.ActiveCfg = Release|Win32
		{299954C5-EEFF-4B82-8BEC-12B3D38578E3}.Release|x86.Build.0 = Release|Win32
		{F92414AE-8CD8-45FD-8B7C-D5605A5B9EF4}.Debug|x64.ActiveCfg = Debug|x64
		{F92414AE-8CD8-45FD-8B7C-D5605A5B9EF4}.Debug|x64.Build.0 = Debug|x64
		{F92414AE-8CD8-45FD-8B7C-D5605A5B9EF4}.Debug|x86.ActiveCfg = Debug|Win32
		{F92414AE-8CD8-45FD-8B7C-D5605A5B9EF4}.Debug|x86.Build.0 = Debug|Win32
		{F92414AE-8CD8-45FD-8B7C-D5605A5B9EF4}.Release|x64.ActiveCfg = Release|x64
		{F92414AE-8CD8-45FD-8B7C-D5605A5B9EF4}.Release|x64.Build.0 = Release|x64
		{F92414AE-8CD8-45FD-8B7C-D5605A5B9EF4}.Release|x86.ActiveCfg = Release|Win32
		{F92414AE-8CD8-45FD-8B7C-D5605A5B9EF4}.Release|x86.Build.0 = Release|Win32
		{B52D76C2-3FD0-4CC2-9E83-48B6BA09BF02}.Debug|x64.ActiveCfg = Debug|x64
		{B52D76C2-3FD0-4CC2-9E83-48B6BA09BF02}.Debug|x64.Build.0 = Debug|x64
		{B52D76C2-3FD0-4CC2-9E83-48B6BA09BF02}.Debug|x86.ActiveCfg = Debug|Win32
		{B52D76C2-3FD0-4CC2-9E83-48B6BA09BF02}.Debug|x86.Build.0 = Debug|Win32
		{B52D76C2-3FD0-4CC2-9E83-48B6BA09BF02}.Release|x64.ActiveCfg = Release|x64
		{B52D76C2-3FD0-4CC2-9E83-48B6BA09BF02}.Release|x64.Build.0 = Release|x64
		{B52D76C2-3FD0-4CC2-9E83-48B6BA09BF02}.Release|x86.ActiveCfg = Release|Win32
		{B52D76C2-3FD0-4CC2-9E83-48B6BA09BF02}.Release|x86.Build.0 = Release|Win32
		{F2B35414-C2E9-46BC-A2FB-313AA12725A4}.Debug|x64.ActiveCfg = Debug|x64
		{F2B35414-C2E9-46BC-A2FB-313AA12725A4}.Debug|x64.Build.0 = Debug|x64
		{F2B35414-C2E9-46BC-A2FB-313AA12725A4}.Debug|x86.ActiveCfg = Debug|Win32
		{F2B35414-C2E9-46BC-A2FB-313AA12725A4}.Debug|x86.Build.0 = Debug|Win32
		{F2B35414-C2E9-46BC-A2FB-313AA12725A4}.Release|x64.ActiveCfg = Release|x64
		{F2B35414-C2E9-46BC-A2FB-313AA12725A4}.Release|x64.Build.0 = Release|x64
		{F2B35414-C2E9-46BC-A2FB-313AA12725A4}.Release|x86.ActiveCfg = Release|Win32
		{F2B35414-C2E9-46BC-A2FB-313AA12725A4}.Release|x86.Build.0 = Release|Win32
		{DEC3E733-5929-4A3B-B899-B12EDCF0E98B}.Debug|x64.ActiveCfg = Debug|x64
		{DEC3E733-5929-4A3B-B899-B12EDCF0E98B}.Debug|x64.Build.0 = Debug|x64
		{DEC3E733-5929-4A3B-B899-B12EDCF0E98B}.Debug|x86.ActiveCfg = Debug|Win32
		{DEC3E733-5929-4A3B-B899-B12EDCF0E98B}.Debug|x86.Build.0 = Debug|Win32
		{DEC3E733-5929-4A3B-B899-B12EDCF0E98B}.Release|x64.ActiveCfg = Release|x64
		{DEC3E733-5929-4A3B-B899-B12EDCF0E98B}.Release|x64.Build.0 = Release|x64
		{DEC3E733-5929-4A3B-B899-B12EDCF0E98B}.Release|x86.ActiveCfg = Release|Win32
		{DEC3E733-5929-4A3B-B899-B12EDCF0E98B}.Release|x86.Build.0 = Release|Win32
		{B148A5A7-335E-4C11-AF26-71836B3C9027}.Debug|x64.ActiveCfg = Debug|x64
		{B148A5A7-335E-4C11-AF26-71836B3C9027}.Debug|x64.Build.0 = Debug|x64
		{B148A5A7-335E-4C11-AF26-71836B3C9027}.Debug|x86.ActiveCfg = Debug|Win32
		{B148A5A7-335E-4C11-AF26-71836B3C9027}.Debug|x86.Build.0 = Debug|Win32
		{B148A5A7-335E-4C11-AF26-71836B3C9027}.Release|x64.ActiveCfg = Release|x64
		{B148A5A7-335E-4C11-AF26-71836B3C9027}.Release|x64.Build.0 = Release|x64
		{B148A5A7-335E-4C11-AF26-71836B3C9027}.Release|x86.ActiveCfg = Release|Win32
		{B148A5A7-335E-4C11-AF26-71836B3C9027}.Release|x86.Build.0 = Release|Win32
		{81821233-70D7-4C48-AE33-DF596F866DCD}.Debug|x64.ActiveCfg = Debug|x64
		{81821233-70D7-4C48-AE33-DF596F866DCD}.Debug|x64.Build.0 = Debug|x64
		{81821233-70D7-4C48-AE33-DF596F866DCD}.Debug|x86.ActiveCfg = Debug|Win32
		{81821233-70D7-4C48-AE33-DF596F866DCD}.Debug|x86.Build.0 = Debug|Win32
		{81821233-70D7-4C48-AE33-DF596F866DCD}.Release|x64.ActiveCfg = Release|x64
		{81821233-70D7-4C48-AE33-DF596F866DCD}.Release|x64.Build.0 = Release|x64
		{81821233-70D7-4C48-AE33-DF596F866DCD}.Release|x86.ActiveCfg = Release|Win32
		{81821233-70D7-4C48-AE33-DF596F866DCD}.Release|x86.Build.0 = Release|Win32
		{B8614815-64D3-4D1B-BEE1-4E6CB225E777}.Debug|x64.ActiveCfg = Debug|x64
		{B8614815-64D3-4D1B-BEE1-4E6CB225E777}.Debug|x64.Build.0 = Debug|x64
		{B8614815-64D3-4D1B-BEE1-4E6CB225E777}.Debug|x86.ActiveCfg = Debug|Win32
		{B8614815-64D3-4D1B-BEE1-4E6CB225E777}.Debug|x86.Build.0 = Debug|Win32
		{B8614815-64D3-4D1B-BEE1-4E6CB225E777}.Release|x64.ActiveCfg = Release|x64
		{B8614815-64D3-4D1B-BEE1-4E6CB225E777}.Release|x64.Build.0 = Release|x64
		{B8614815-64D3-4D1B-BEE1-4E6CB225E777}.Release|x86.ActiveCfg = Release|Win32
		{B8614815-64D3-4D1B-BEE1-4E6CB225E777}.Release|x86.Build.0 = Release|Win32
		{5AF5D80C-20B9-40EF-92ED-71F8155C42A8}.Debug|x64.ActiveCfg = Debug|x64
		{5AF5D80C-20B9-40EF-92ED-71F8155C42A8}.Debug|x64.Build.0 = Debug|x64
		{5AF5D80C-20B9-40EF-92ED-71F8155C42A8}.Debug|x86.ActiveCfg = Debug|Win32
		{5AF5D80C-20B9-40EF-92ED-71F8155C42A8}.Debug|x86.Build.0 = Debug|Win32
		{5AF5D80C-20B9-40EF-92ED-71F8155C42A8}.Release|x64.ActiveCfg = Release|x64
		{5AF5D80C-20B9-40EF-92ED-71F8155C42A8}.Release|x64.Build.0 = Release|x64
		{5AF5D80C-20B9-40EF-92ED-71F8155C42A8}.Release|x86.ActiveCfg = Release|Win32
		{5AF5D80C-20B9-40EF-92ED-71F8155C42A8}.Release|x86.Build.0 = Release|Win32
		{E5DA8518-076E-4170-BD85-DB0E12AAAEAB}.Debug|x64.ActiveCfg = Debug|x64
		{E5DA8518-076E-4170-BD85-DB0E12AAAEAB}.Debug|x64.Build.0 = Debug|x64
		{E5DA8518-076E-4170-BD85-DB0E12AAAEAB}.Debug|x86.ActiveCfg = Debug|Win32
		{E5DA8518-076E-4170-BD85-DB0E12AAAEAB}.Debug|x86.Build.0 = Debug|Win32
		{E5DA8518-076E-4170-BD85-DB0E12AAAEAB}.Release|x64.ActiveCfg = Release|x64
		{E5DA8518-076E-4170-BD85-DB0E12AAAEAB}.Release|x64.Build.0 = Release|x64
		{E5DA8518-076E-4170-BD85-DB0E12AAAEAB}.Release|x86.ActiveCfg = Release|Win32
		{E5DA8518-076E-4170-BD85-DB0E12AAAEAB}.Release|x86.Build.0 = Release|Win32
		{0F728836-B0CE-41AA-A594-E27F30749FF5}.Debug|x64.ActiveCfg = Debug|x64
		{0F728836-B0CE-41AA-A594-E27F30749FF5}.Debug|x64.Build.0 = Debug|x64
		{0F728836-B0CE-41AA-A594-E27F30749FF5}.Debug|x86.ActiveCfg = Debug|Win32
		{0F728836-B0CE-41AA-A594-E27F30749FF5}.Debug|x86.Build.0 = Debug|Win32
		{0F728836-B0CE-41AA-A594-E27F30749FF5}.Release|x64.ActiveCfg = Release|x64
		{0F728836-B0CE-41AA-A594-E27F30749FF5}.Release|x64.Build.0 = Release|x64
		{0F728836-B0CE-41AA-A594-E27F30749FF5}.Release|x86.ActiveCfg = Release|Win32
		{0F728836-B0CE-41AA-A594-E27F30749FF5}.Release|x86.Build.0 = Release|Win32
		{90ADA4BA-7B3F-43E3-9BC4-5DCE45259032}.Debug|x64.ActiveCfg = Debug|x64
		{90ADA4BA-7B3F-43E3-9BC4-5DCE45259032}.Debug|x64.Build.0 = Debug|x64
		{90ADA4BA-7B3F-43E3-9BC4-5DCE45259032}.Debug|x86.ActiveCfg = Debug|Win32
		{90ADA4BA-7B3F-43E3-9BC4-5DCE45259032}.Debug|x86.Build.0 = Debug|Win32
		{90ADA4BA-7B3F-43E3-9BC4-5DCE45259032}.Release|x64.ActiveCfg = Release|x64
		{90ADA4BA-7B3F-43E3-9BC4-5DCE45259032}.Release|x64.Build.0 = Release|x64
		{90ADA4BA-7B3F-43E3-9BC4-5DCE45259032}.Release|x86.ActiveCfg = Release|Win32
		{90ADA4BA-7B3F-43E3-9BC4-5DCE45259032}.Release|x86.Build.0 = Release|Win32
		{01E09DEB-8660-40AA-9500-0899B56E2AAA}.Debug|x64.ActiveCfg = Debug|x64
		{01E09DEB-8660-40AA-9500-0899B56E2AAA}.Debug|x64.Build.0 = Debug|x64
		{01E09DEB-8660-40AA-9500-0899B56E2AAA}.Debug|x86.ActiveCfg = Debug|Win32
		{01E09DEB-8660-40AA-9500-0899B56E2AAA}.Debug|x86.Build.0 = Debug|Win32
		{01E09DEB-8660-40AA-9500-0899B56E2AAA}.Release|x64.ActiveCfg = Release|x64
		{01E09DEB-8660-40AA-9500-0899B56E2AAA}.Release|x64.Build.0 = Release|x64
		{01E09DEB-8660-40AA-9500-0899B56E2AAA}.Release|x86.ActiveCfg = Release|Win32
		{01E09DEB-8660-40AA-9500-0899B56E2AAA}.Release|x86.Build.0 = Release|Win32
		{D6EE5D9B-CEDC-4C8F-96D4-4C52BD276DB4}.Debug|x64.ActiveCfg = Debug|x64
		{D6EE5D9B-CEDC-4C8F-96D4-4C52BD276DB4}.Debug|x64.Build.0 = Debug|x64
		{D6EE5D9B-CEDC-4C8F-96D4-4C52BD276DB4}.Debug|x86.ActiveCfg = Debug|Win32
		{D6EE5D9B-CEDC-4C8F-96D4-4C52BD276DB4}.Debug|x86.Build.0 = Debug|Win32
		{D6EE5D9B-CEDC-4C8F-96D4-4C52BD276DB4}.Release|x64.ActiveCfg = Release|x64
		{D6EE5D9B-CEDC-4C8F-96D4-4C52BD276DB4}.Release|x64.Build.0 = Release|x64
		{D6EE5D9B-CEDC-4C8F-96D4-4C52BD276DB4}.Release|x86.ActiveCfg = Release|Win32
		{D6EE5D9B-CEDC-4C8F-96D4-4C52BD276DB4}.Release|x86.Build.0 = Release|Win32
		{C503226B-3515-4FA7-9190-9FC9595ED778}.Debug|x64.ActiveCfg = Debug|x64
		{C503226B-3515-4FA7-9190-9FC9595ED778}.Debug|x64.Build.0 = Debug|x64
		{C503226B-3515-4FA7-9190-9FC9595ED778}.Debug|x86.ActiveCfg = Debug|Win32
		{C503226B-3515-4FA7-9190-9FC9595ED778}.Debug|x86.Build.0 = Debug|Win32
		{C503226B-3515-4FA7-9190-9FC9595ED778}.Release|x64.ActiveCfg = Release|x64
		{C503226B-3515-4FA7-9190-9FC9595ED778}.Release|x64.Build.0 = Release|x64
		{C503226B-3515-4FA7-9190-9FC9595ED778}.Release|x86.ActiveCfg = Release|Win32
		{C503226B-3515-4FA7-9190-9FC9595ED778}.Release|x86.Build.0 = Release|Win32
		{8F76AC9A-658A-4821-8E6D-B62B7917A3C6}.Debug|x64.ActiveCfg = Debug|x64
		{8F76AC9A-658A-4821-8E6D-B62B7917A3C6}.Debug|x64.Build.0 = Debug|x64
		{8F76AC9A-658A-4821-8E6D-B62B7917A3C6}.Debug|x86.ActiveCfg = Debug|Win32
		{8F76AC9A-658A-4821-8E6D-B62B7917A3C6}.Debug|x86.Build.0 = Debug|Win32
		{8F76AC9A-658A-4821-8E6D-B62B7917A3C6}.Release|x64.ActiveCfg = Release|x64
		{8F76AC9A-658A-4821-8E6D-B62B7917A3C6}.Release|x64.Build.0 = Release|x64
		{8F76AC9A-658A-4821-8E6D-B62B7917A3C6}.Release|x86.ActiveCfg = Release|Win32
		{8F76AC9A-658A-4821-8E6D-B62B7917A3C6}.Release|x86.Build.0 = Release|Win32
		{D6B0418F-CC16-4FEA-AC07-D79DD985E5FA}.Debug|x64.ActiveCfg = Debug|x64
		{D6B0418F-CC16-4FEA-AC07-D79DD985E5FA}.Debug|x64.Build.0 = Debug|x64
		{D6B0418F-CC16-4FEA-AC07-D79DD985E5FA}.Debug|x86.ActiveCfg = Debug|Win32
		{D6B0418F-CC16-4FEA-AC07-D79DD985E5FA}.Debug|x86.Build.0 = Debug|Win32
		{D6B0418F-CC16-4FEA-AC07-D79DD985E5FA}.Release|x64.ActiveCfg = Release|x64
		{D6B0418F-CC16-4FEA-AC07-D79DD985E5FA}.Release|x64.Build.0 = Release|x64
		{D6B0418F-CC16-4FEA-AC07-D79DD985E5FA}.Release|x86.ActiveCfg = Release|Win32
		{D6B0418F-CC16-4FEA-AC07-D79DD985E5FA}.Release|x86.Build.0 = Release|Win32
		{B78796DD-943E-4882-AEE8-74B23F9D6145}.Debug|x64.ActiveCfg = Debug|x64
		{B78796DD-943E-4882-AEE8-74B23F9D6145}.Debug|x64.Build.0 = Debug|x64
		{B78796DD-943E-4882-AEE8-74B23F9D6145}.Debug|x86.ActiveCfg = Debug|Win32
		{B78796DD-943E-4882-AEE8-74B23F9D6145}.Debug|x86.Build.0 = Debug|Win32
		{B78796DD-943E-4882-AEE8-74B23F9D6145}.Release|x64.ActiveCfg = Release|x64
		{B78796DD-943E-4882-AEE8-74B23F9D6145}.Release|x64.Build.0 = Release|x64
		{B78796DD-943E-4882-AEE8-74B23F9D6145}.Release|x86.ActiveCfg = Release|Win32
		{B78796DD-943E-4882-AEE8-74B23F9D6145}.Release|x86.Build.0 = Release|Win32
		{7023C985-B2A3-4287-89D2-BACC634B2AA7}.Debug|x64.ActiveCfg = Debug|x64
		{7023C985-B2A3-4287-89D2-BACC634B2AA7}.Debug|x64.Build.0 = Debug|x64
		{7023C985-B2A3-4287-89D2-BACC634B2AA7}.Debug|x86.ActiveCfg = Debug|Win32
		{7023C985-B2A3-4287-89D2-BACC634B2AA7}.Debug|x86.Build.0 = Debug|Win32
		{7023C985-B2A3-4287-89D2-BACC634B2AA7}.Release|x64.ActiveCfg = Release|x64
		{7023C985-B2A3-4287-89D2-BACC634B2AA7}.Release|x64.Build.0 = Release|x64
		{7023C985-B2A3-4287-89D2-BACC634B2AA7}.Release|x86.ActiveCfg = Release|Win32
		{7023C985-B2A3-4287-89D2-BACC634B2AA7}.Release|x86.Build.0 = Release|Win32
		{FD3AE8A6-2055-4538-8506-BB5ACA6ADCDC}.Debug|x64.ActiveCfg = Debug|x64
		{FD3AE8A6-2055-4538-8506-BB5ACA6ADCDC}.Debug|x64.Build.0 = Debug|x64
		{FD3AE8A6-2055-4538-8506-BB5ACA6ADCDC}.Debug|x86.ActiveCfg = Debug|Win32
		{FD3AE8A6-2055-4538-8506-BB5ACA6ADCDC}.Debug|x86.Build.0 = Debug|Win32
		{FD3AE8A6-2055-4538-8506-BB5ACA6ADCDC}.Release|x64.ActiveCfg = Release|x64
		{FD3AE8A6-2055-4538-8506-BB5ACA6ADCDC}.Release|x64.Build.0 = Release|x64
		{FD3AE8A6-2055-4538-8506-BB5ACA6ADCDC}.Release|x86.ActiveCfg = Release|Win32
		{FD3AE8A6-2055-4538-8506-BB5ACA6ADCDC}.Release|x86.Build.0 = Release|Win32
		{34757500-D24C-4847-AA99-F16906568574}.Debug|x64.ActiveCfg = Debug|x64
		{34757500-D24C-4847-AA99-F16906568574}.Debug|x64.Build.0 = Debug|x64
		{34757500-D24C-4847-AA99-F16906568574}.Debug|x86.ActiveCfg = Debug|Win32
		{34757500-D24C-4847-AA99-F16906568574}.Debug|x86.Build.0 = Debug|Win32
		{34757500-D24C-4847-AA99-F16906568574}.Release|x64.ActiveCfg = Release|x64
		{34757500-D24C-4847-AA99-F16906568574}.Release|x64.Build.0 = Release|x64
		{34757500-D24C-4847-AA99-F16906568574}.Release|x86.ActiveCfg = Release|Win32
		{34757500-D24C-4847-AA99-F16906568574}.Release|x86.Build.0 = Release|Win32
		{CE11DC07-2E44-47E2-B1A9-54D0921173E0}.Debug|x64.ActiveCfg = Debug|x64
		{CE11DC07-2E44-47E2-B1A9-54D0921173E0}.Debug|x64.Build.0 = Debug|x64
		{CE11DC07-2E44-47E2-B1A9-54D0921173E0}.Debug|x86.ActiveCfg = Debug|Win32
		{CE11DC07-2E44-47E2-B1A9-54D0921173E0}.Debug|x86.Build.0 = Debug|Win32
		{CE11DC07-2E44-47E2-B1A9-54D0921173E0}.Release|x64.ActiveCfg = Release|x64
		{CE11DC07-2E44-47E2-B1A9-54D0921173E0}.Release|x64.Build.0 = Release|x64
		{CE11DC07-2E44-47E2-B1A9-54D0921173E0}.Release|x86.ActiveCfg = Release|Win32
		{CE11DC07-2E44-47E2-B1A9-54D0921173E0}.Release|x86.Build.0 = Release|Win32
		{0F5D4A1A-C258-4763-8341-DF6D34017E7C}.Debug|x64.ActiveCfg = Debug|x64
		{0F5D4A1A-C258-4763-8341-DF6D34017E7C}.Debug|x64.Build.0 = Debug|x64
		{0F5D4A1A-C258-4763-8341-DF6D34017E7C}.Debug|x86.ActiveCfg = Debug|Win32
		{0F5D4A1A-C258-4763-8341-DF6D34017E7C}.Debug|x86.Build.0 = Debug|Win32
		{0F5D4A1A-C258-4763-8341-DF6D34017E7C}.Release|x64.ActiveCfg = Release|x64
		{0F5D4A1A-C258-4763-8341-DF6D34017E7C}.Release|x64.Build.0 = Release|x64
		{0F5D4A1A-C258-4763-8341-DF6D34017E7C}.Release|x86.ActiveCfg = Release|Win32
		{0F5D4A1A-C258-4763-8341-DF6D34017E7C}.Release|x86.Build.0 = Release|Win32
		{D9DA503A-62AD-461E-84A5-B4D952D8D597}.Debug|x64.ActiveCfg = Debug|x64
		{D9DA503A-62AD-461E-84A5-B4D952D8D597}.Debug|x64.Build.0 = Debug|x64
		{D9DA503A-62AD-461E-84A5-B4D952D8D597}.Debug|x86.ActiveCfg = Debug|Win32
		{D9DA503A-62AD-461E-84A5-B4D952D8D597}.Debug|x86.Build.0 = Debug|Win32
		{D9DA503A-62AD-461E-84A5-B4D952D8D597}.Release|x64.ActiveCfg = Release|x64
		{D9DA503A-62AD-461E-84A5-B4D952D8D597}.Release|x64.Build.0 = Release|x64
		{D9DA503A-62AD-461E-84A5-B4D952D8D597}.Release|x86.ActiveCfg = Release|Win32
		{D9DA503A-62AD-461E-84A5-B4D952D8D597}.Release|x86.Build.0 = Release|Win32
		{5019C159-5A28-4FA7-8AAF-25524D58B3B9}.Debug|x64.ActiveCfg = Debug|x64
		{5019C159-5A28-4FA7-8AAF-25524D58B3B9}.Debug|x64.Build.0 = Debug|x64
		{5019C159-5A28-4FA7-8AAF-25524D58B3B9}.Debug|x86.ActiveCfg = Debug|Win32
		{5019C159-5A28-4FA7-8AAF-25524D58B3B9}.Debug|x86.Build.0 = Debug|Win32
		{5019C159-5A28-4FA7-8AAF-25524D58B3B9}.Release|x64.ActiveCfg = Release|x64
		{5019C159-5A28-4FA7-8AAF-25524D58B3B9}.Release|x64.Build.0 = Release|x64
		{5019C159-5A28-4FA7-8AAF-25524D58B3B9}.Release|x86.ActiveCfg = Release|Win32
		{5019C159-5A28-4FA7-8AAF-25524D58B3B9}.Release|x86.Build.0 = Release|Win32
		{6DAC0E18-7F23-436A-9695-59316EAEAC2D}.Debug|x64.ActiveCfg = Debug|x64
		{6DAC0E18-7F23-436A-9695-59316EAEAC2D}.Debug|x64.Build.0 = Debug|x64
		{6DAC0E18-7F23-436A-9695-59316EAEAC2D}.Debug|x86.ActiveCfg = Debug|Win32
		{6DAC0E18-7F23-436A-9695-59316EAEAC2D}.Debug|x86.Build.0 = Debug|Win32
		{6DAC0E18-7F23-436A-9695-59316EAEAC2D}.Release|x64.ActiveCfg = Release|x64
		{6DAC0E18-7F23-436A-9695-59316EAEAC2D}.Release|x64.Build.0 = Release|x64
		{6DAC0E18-7F23-436A-9695-59316EAEAC2D}.Release|x86.ActiveCfg = Release|Win32
		{6DAC0E18-7F23-436A-9695-59316EAEAC2D}.Release|x86.Build.0 = Release|Win32
		{8F6BA3F7-B9FF-4A63-9DA2-4C808A9C7BD7}.Debug|x64.ActiveCfg = Debug|x64
		{8F6BA3F7-B9FF-4A63-9DA2-4C808A9C7BD7}.Debug|x64.Build.0 = Debug|x64
		{8F6BA3F7-B9FF-4A63-9DA2-4C808A9C7BD7}.Debug|x86.ActiveCfg = Debug|Win32
		{8F6BA3F7-B9FF-4A63-9DA2-4C808A9C7BD7}.Debug|x86.Build.0 = Debug|Win32
		{8F6BA3F7-B9FF-4A63-9DA2-4C808A9C7BD7}.Release|x64.ActiveCfg = Release|x64
		{8F6BA3F7-B9FF-4A63-9DA2-4C808A9C7BD7}.Release|x64.Build.0 = Release|x64
		{8F6BA3F7-B9FF-4A63-9DA2-4C808A9C7BD7}.Release|x86.ActiveCfg = Release|Win32
		{8F6BA3F7-B9FF-4A63-9DA2-4C808A9C7BD7}.Release|x86.Build.0 = Release|Win32
		{496F5E25-358D-4E6C-9B18-3B1D8E30BCAE}.Debug|x64.ActiveCfg = Debug|x64
		{496F5E25-358D-4E6C-9B18-3B1D8E30BCAE}.Debug|x64.Build.0 = Debug|x64
		{496F5E25-358D-4E6C-9B18-3B1D8E30BCAE}.Debug|x86.ActiveCfg = Debug|Win32
		{496F5E25-358D-4E6C-9B18-3B1D8E30BCAE}.Debug|x86.Build.0 = Debug|Win32
		{496F5E25-358D-4E6C-9B18-3B1D8E30BCAE}.Release|x64.ActiveCfg = Release|x64
		{496F5E25-358D-4E6C-9B18-3B1D8E30BCAE}.Release|x64.Build.0 = Release|x64
		{496F5E25-358D-4E6C-9B18-3B1D8E30BCAE}.Release|x86.ActiveCfg = Release|Win32
		{496F5E25-358D-4E6C-9B18-3B1D8E30BCAE}.Release|x86.Build.0 = Release|Win32
		{00235539-EC15-4888-9FF6-4235ED9B1059}.Debug|x64.ActiveCfg = Debug|x64
		{00235539-EC15-4888-9FF6-4235ED9B1059}.Debug|x64.Build.0 = Debug|x64
		{00235539-EC15-4888-9FF6-4235ED9B1059}.Debug|x86.ActiveCfg = Debug|Win32
		{00235539-EC15-4888-9FF6-4235ED9B1059}.Debug|x86.Build.0 = Debug|Win32
		{00235539-EC15-4888-9FF6-4235ED9B1059}.Release|x64.ActiveCfg = Release|x64
		{00235539-EC15-4888-9FF6-4235ED9B1059}.Release|x64.Build.0 = Release|x64
		{00235539-EC15-4888-9FF6-4235ED9B1059}.Release|x86.ActiveCfg = Release|Win32
		{00235539-EC15-4888-9FF6-4235ED9B1059}.Release|x86.Build.0 = Release|Win32
		{C771C689-D63A-4A71-974F-68BD36D17C7E}.Debug|x64.ActiveCfg = Debug|x64
		{C771C689-D63A-4A71-974F-68BD36D17C7E}.Debug|x64.Build.0 = Debug|x64
		{C771C689-D63A-4A71-974F-68BD36D17C7E}.Debug|x86.ActiveCfg = Debug|Win32
		{C771C689-D63A-4A71-974F-68BD36D17C7E}.Debug|x86.Build.0 = Debug|Win32
		{C771C689-D63A-4A71-974F-68BD36D17C7E}.Release|x64.ActiveCfg = Release|x64
		{C771C689-D63A-4A71-974F-68BD36D17C7E}.Release|x64.Build.0 = Release|x64
		{C771C689-D63A-4A71-974F-68BD36D17C7E}.Release|x86.ActiveCfg = Release|Win32
		{C771C689-D63A-4A71-974F-68BD36D17C7E}.Release|x86.Build.0 = Release|Win32
		{572F3E1C-43C8-425B-8F3E-541209C21EBA}.Debug|x64.ActiveCfg = Debug|x64
		{572F3E1C-43C8-425B-8F3E-541209C21EBA}.Debug|x64.Build.0 = Debug|x64
		{572F3E1C-43C8-425B-8F3E-541209C21EBA}.Debug|x86.ActiveCfg = Debug|Win32
		{572F3E1C-43C8-425B-8F3E-541209C21EBA}.Debug|x86.Build.0 = Debug|Win32
		{572F3E1C-43C8-425B-8F3E-541209C21EBA}.Release|x64.ActiveCfg = Release|x64
		{572F3E1C-43C8-425B-8F3E-541209C21EBA}.Release|x64.Build.0 = Release|x64
		{572F3E1C-43C8-425B-8F3E-541209C21EBA}.Release|x86.ActiveCfg = Release|Win32
		{572F3E1C-43C8-425B-8F3E-541209C21EBA}.Release|x86.Build.0 = Release|Win32
		{724E2832-34AF-4023-AD90-395C59CB05B1}.Debug|x64.ActiveCfg = Debug|x64
		{724E2832-34AF-4023-AD90-395C59CB05B1}.Debug|x64.Build.0 = Debug|x64
		{724E2832-34AF-4023-AD90-395C59CB05B1}.Debug|x86.ActiveCfg = Debug|Win32
		{724E2832-34AF-4023-AD90-395C59CB05B1}.Debug|x86.Build.0 = Debug|Win32
		{724E2832-34AF-4023-AD90-395C59CB05B1}.Release|x64.ActiveCfg = Release|x64
		{724E2832-34AF-4023-AD90-395C59CB05B1}.Release|x64.Build.0 = Release|x64
		{724E2832-34AF-4023-AD90-395C59CB05B1}.Release|x86.ActiveCfg = Release|Win32
		{724E2832-34AF-4023-AD90-395C59CB05B1}.Release|x86.Build.0 = Release|Win32
		{A3A7DD87-73EA-4455-AC41-551C0A4C3095}.Debug|x64.ActiveCfg = Debug|x64
		{A3A7DD87-73EA-4455-AC41-551C0A4C3095}.Debug|x64.Build.0 = Debug|x64
		{A3A7DD87-73EA-4455-AC41-551C0A4C3095}.Debug|x86.ActiveCfg = Debug|Win32
		{A3A7DD87-73EA-4455-AC41-551C0A4C3095}.Debug|x86.Build.0 = Debug|Win32
		{A3A7DD87-73EA-4455-AC41-551C0A4C3095}.Release|x64.ActiveCfg = Release|x64
		{A3A7DD87-73EA-4455-AC41-551C0A4C3095}.Release|x64.Build.0 = Release|x64
		{A3A7DD87-73EA-4455-AC41-551C0A4C3095}.Release|x86.ActiveCfg = Release|Win32
		{A3A7DD87-73EA-4455-AC41-551C0A4C3095}.Release|x86.Build.0 = Release|Win32
		{395E630C-7D2F-4866-8F96-0EC53F925270}.Debug|x64.ActiveCfg = Debug|x64
		{395E630C-7D2F-4866-8F96-0EC53F925270}.Debug|x64.Build.0 = Debug|x64
		{395E630C-7D2F-4866-8F96-0EC53F925270}.Debug|x86.ActiveCfg = Debug|Win32
		{395E630C-7D2F-4866-8F96-0EC53F925270}.Debug|x86.Build.0 = Debug|Win32
		{395E630C-7D2F-4866-8F96-0EC53F925270}.Release|x64.ActiveCfg = Release|x64
		{395E630C-7D2F-4866-8F96-0EC53F925270}.Release|x64.Build.0 = Release|x64
		{395E630C-7D2F-4866-8F96-0EC53F925270}.Release|x86.ActiveCfg = Release|Win32
		{395E630C-7D2F-4866-8F96-0EC53F925270}.Release|x86.Build.0 = Release|Win32
		{D29CE68C-A202-4F43-8011-880C5D0F4DCC}.Debug|x64.ActiveCfg = Debug|x64
		{D29CE68C-A202-4F43-8011-880C5D0F4DCC}.Debug|x64.Build.0 = Debug|x64
		{D29CE68C-A202-4F43-8011-880C5D0F4DCC}.Debug|x86.ActiveCfg = Debug|Win32
		{D29CE68C-A202-4F43-8011-880C5D0F4DCC}.Debug|x86.Build.0 = Debug|Win32
		{D29CE68C-A202-4F43-8011-880C5D0F4DCC}.Release|x64.ActiveCfg = Release|x64
		{D29CE68C-A202-4F43-8011-880C5D0F4DCC}.Release|x64.Build.0 = Release|x64
		{D29CE68C-A202-4F43-8011-880C5D0F4DCC}.Release|x86.ActiveCfg = Release|Win32
		{D29CE68C-A202-4F43-8011-880C5D0F4DCC}.Release|x86.Build.0 = Release|Win32
		{6C561EB6-BC21-445C-AC6C-B0E089C9B68F}.Debug|x64.ActiveCfg = Debug|x64
		{6C561EB6-BC21-445C-AC6C-B0E089C9B68F}.Debug|x64.Build.0 = Debug|x64
		{6C561EB6-BC21-445C-AC6C-B0E089C9B68F}.Debug|x86.ActiveCfg = Debug|Win32
		{6C561EB6-BC21-445C-AC6C-B0E089C9B68F}.Debug|x86.Build.0 = Debug|Win32
		{6C561EB6-BC21-445C-AC6C-B0E089C9B68F}.Release|x64.ActiveCfg = Release|x64
		{6C561EB6-BC21-445C-AC6C-B0E089C9B68F}.Release|x64.Build.0 = Release|x64
		{6C561EB6-BC21-445C-AC6C-B0E089C9B68F}.Release|x86.ActiveCfg = Release|Win32
		{6C561EB6-BC21-445C-AC6C-B0E089C9B68F}.Release|x86.Build.0 = Release|Win32
		{8CC39CBD-6073-4E0C-996D-928A317EAB27}.Debug|x64.ActiveCfg = Debug|x64
		{8CC39CBD-6073-4E0C-996D-928A317EAB27}.Debug|x64.Build.0 = Debug|x64
		{8CC39CBD-6073-4E0C-996D-928A317EAB27}.Debug|x86.ActiveCfg = Debug|Win32
		{8CC39CBD-6073-4E0C-996D-928A317EAB27}.Debug|x86.Build.0 = Debug|Win32
		{8CC39CBD-6073-4E0C-996D-928A317EAB27}.Release|x64.ActiveCfg = Release|x64
		{8CC39CBD-6073-4E0C-996D-928A317EAB27}.Release|x64.Build.0 = Release|x64
		{8CC39CBD-6073-4E0C-996D-928A317EAB27}.Release|x86.ActiveCfg = Release|Win32
		{8CC39CBD-6073-4E0C-996D-928A317EAB27}.Release|x86.Build.0 = Release|Win32
		{77CAFE2C-9419-4D69-8281-3DDD7F392FAB}.Debug|x64.ActiveCfg = Debug|x64
		{77CAFE2C-9419-4D69-8281-3DDD7F392FAB}.Debug|x64.Build.0 = Debug|x64
		{77CAFE2C-9419-4D69-8281-3DDD7F392FAB}.Debug|x86.ActiveCfg = Debug|Win32
		{77CAFE2C-9419-4D69-8281-3DDD7F392FAB}.Debug|x86.Build.0 = Debug|Win32
		{77CAFE2C-9419-4D69-8281-3DDD7F392FAB}.Release|x64.ActiveCfg = Release|x64
		{77CAFE2C-9419-4D69-8281-3DDD7F392FAB}.Release|x64.Build.0 = Release|x64
		{77CAFE2C-9419-4D69-8281-3DDD7F392FAB}.Release|x86.ActiveCfg = Release|Win32
		{77CAFE2C-9419-4D69-8281-3DDD7F392FAB}.Release|x86.Build.0 = Release|Win32
	EndGlobalSection
	GlobalSection(SolutionProperties) = preSolution
		HideSolutionNode = FALSE
	EndGlobalSection
	GlobalSection(ExtensibilityGlobals) = postSolution
		SolutionGuid = {EAB123CF-E8EE-4FBF-850E-9206B4C84EC5}
	EndGlobalSection
EndGlobal
